<?xml version="1.0" encoding="utf-8"?>
<Project ToolsVersion="4.0" xmlns="http://schemas.microsoft.com/developer/msbuild/2003">
  <ItemGroup>
    <ClCompile Include="lz4\lz4.c">
      <Filter>lz4</Filter>
    </ClCompile>
    <ClCompile Include="lz4\lz4hc.c">
      <Filter>lz4</Filter>
    </ClCompile>
    <ClCompile Include="lz4_32.cpp">
      <Filter>sources</Filter>
    </ClCompile>
    <ClCompile Include="lz4_64.cpp">
      <Filter>sources</Filter>
    </ClCompile>
    <ClCompile Include="lz4hc_32.cpp">
      <Filter>sources</Filter>
    </ClCompile>
    <ClCompile Include="lz4hc_64.cpp">
      <Filter>sources</Filter>
    </ClCompile>
    <ClCompile Include="XInputChecker.cpp">
      <Filter>sources</Filter>
    </ClCompile>
  </ItemGroup>
  <ItemGroup>
    <ClInclude Include="lz4\lz4.h">
      <Filter>lz4</Filter>
    </ClInclude>
    <ClInclude Include="lz4\lz4hc.h">
      <Filter>lz4</Filter>
    </ClInclude>
    <ClInclude Include="lz4_32.h">
      <Filter>headers</Filter>
    </ClInclude>
    <ClInclude Include="lz4_64.h">
      <Filter>headers</Filter>
    </ClInclude>
  </ItemGroup>
  <ItemGroup>
    <Filter Include="lz4">
      <UniqueIdentifier>{06526d39-ce6e-42b6-bf0e-e236e7e30864}</UniqueIdentifier>
    </Filter>
    <Filter Include="headers">
      <UniqueIdentifier>{6e41b92c-816e-402a-bc94-c00721f46505}</UniqueIdentifier>
    </Filter>
    <Filter Include="sources">
      <UniqueIdentifier>{5a6d08f2-b499-4306-ace2-b89bf99558a1}</UniqueIdentifier>
    </Filter>
  </ItemGroup>
</Project>