Microsoft Visual Studio Solution File, Format Version 12.00
# Visual Studio 14
VisualStudioVersion = 14.0.24720.0
MinimumVisualStudioVersion = 14.0.23107.0
Project("{2150E333-8FDC-42A3-9474-1A3956D46DE8}") = "Particles", "Particles", "{82EAB4A6-B265-47C2-B544-D7671BDB3D2D}"
EndProject
Project("{2150E333-8FDC-42A3-9474-1A3956D46DE8}") = "SimpleParticles", "SimpleParticles", "{2B920979-D010-44FA-A415-E52D97E51DF3}"
	ProjectSection(SiliconStudioPackage) = preProject
		Particles/SimpleParticles/SimpleParticles.xkpkg = Particles/SimpleParticles/SimpleParticles.xkpkg
	EndProjectSection
EndProject
Project("{FAE04EC0-301F-11D3-BF4B-00C04F79EFBC}") = "SimpleParticles.Windows", "Particles\SimpleParticles\SimpleParticles.Windows\SimpleParticles.Windows.csproj", "{BDDD6C01-7873-4066-BC52-3E5847FE9F39}"
EndProject
Project("{FAE04EC0-301F-11D3-BF4B-00C04F79EFBC}") = "SimpleParticles.Game", "Particles\SimpleParticles\SimpleParticles.Game\SimpleParticles.Game.csproj", "{C821E6B2-04B2-4983-8348-7AC37B23C5E1}"
EndProject
Project("{2150E333-8FDC-42A3-9474-1A3956D46DE8}") = "ParticleMaterialShader", "ParticleMaterialShader", "{FAB17593-F065-4CA3-9C1E-AEF47BF8A635}"
	ProjectSection(SiliconStudioPackage) = preProject
		Particles/ParticleMaterialShader/ParticleMaterialShader.xkpkg = Particles/ParticleMaterialShader/ParticleMaterialShader.xkpkg
	EndProjectSection
EndProject
Project("{FAE04EC0-301F-11D3-BF4B-00C04F79EFBC}") = "ParticleMaterialShader.Windows", "Particles\ParticleMaterialShader\ParticleMaterialShader.Windows\ParticleMaterialShader.Windows.csproj", "{1604F9FD-44E3-446B-A0C1-5C553E68CA85}"
EndProject
Project("{FAE04EC0-301F-11D3-BF4B-00C04F79EFBC}") = "ParticleMaterialShader.Game", "Particles\ParticleMaterialShader\ParticleMaterialShader.Game\ParticleMaterialShader.Game.csproj", "{BB21DD24-5EFA-45E4-BD18-AEBC05EB889B}"
EndProject
Project("{2150E333-8FDC-42A3-9474-1A3956D46DE8}") = "CustomParticles", "CustomParticles", "{281CE502-785B-4FD2-83C7-AB89105C518A}"
	ProjectSection(SiliconStudioPackage) = preProject
		Particles/CustomParticles/CustomParticles.xkpkg = Particles/CustomParticles/CustomParticles.xkpkg
	EndProjectSection
EndProject
Project("{FAE04EC0-301F-11D3-BF4B-00C04F79EFBC}") = "CustomParticles.Windows", "Particles\CustomParticles\CustomParticles.Windows\CustomParticles.Windows.csproj", "{0E2EE5ED-C92B-4B2B-B0A8-770DD1669021}"
EndProject
Project("{FAE04EC0-301F-11D3-BF4B-00C04F79EFBC}") = "CustomParticles.Game", "Particles\CustomParticles\CustomParticles.Game\CustomParticles.Game.csproj", "{F97F7249-84F1-408F-A5B4-B5E9CBEE9DE1}"
EndProject
Project("{2150E333-8FDC-42A3-9474-1A3956D46DE8}") = "AnimatedParticles", "AnimatedParticles", "{8314E1E8-4D39-4283-B290-7F220F9AD372}"
	ProjectSection(SiliconStudioPackage) = preProject
		Particles/AnimatedParticles/AnimatedParticles.xkpkg = Particles/AnimatedParticles/AnimatedParticles.xkpkg
	EndProjectSection
EndProject
Project("{FAE04EC0-301F-11D3-BF4B-00C04F79EFBC}") = "AnimatedParticles.Windows", "Particles\AnimatedParticles\AnimatedParticles.Windows\AnimatedParticles.Windows.csproj", "{37AA2C2B-32E5-4A63-A423-408817F7A2DD}"
EndProject
Project("{FAE04EC0-301F-11D3-BF4B-00C04F79EFBC}") = "AnimatedParticles.Game", "Particles\AnimatedParticles\AnimatedParticles.Game\AnimatedParticles.Game.csproj", "{763D6093-3C87-4055-8B78-192B329CECD4}"
EndProject
Project("{2150E333-8FDC-42A3-9474-1A3956D46DE8}") = "RibbonParticles", "RibbonParticles", "{46498004-9DD1-4DF1-BB8B-DC024CE0AEE7}"
	ProjectSection(SiliconStudioPackage) = preProject
		Particles/RibbonParticles/RibbonParticles.xkpkg = Particles/RibbonParticles/RibbonParticles.xkpkg
	EndProjectSection
EndProject
Project("{FAE04EC0-301F-11D3-BF4B-00C04F79EFBC}") = "RibbonParticles.Windows", "Particles\RibbonParticles\RibbonParticles.Windows\RibbonParticles.Windows.csproj", "{F9DC6E72-D9E4-4297-A22F-2B7F2E009848}"
EndProject
Project("{FAE04EC0-301F-11D3-BF4B-00C04F79EFBC}") = "RibbonParticles.Game", "Particles\RibbonParticles\RibbonParticles.Game\RibbonParticles.Game.csproj", "{017C6B97-8A7F-4AD4-9E10-E5FC7E5FD5A7}"
EndProject
Global
	GlobalSection(SolutionConfigurationPlatforms) = preSolution
		AppStore|Any CPU = AppStore|Any CPU
		AppStore|Mixed Platforms = AppStore|Mixed Platforms
		AppStore|Windows = AppStore|Windows
		Debug|Any CPU = Debug|Any CPU
		Debug|Mixed Platforms = Debug|Mixed Platforms
		Debug|Windows = Debug|Windows
		Release|Any CPU = Release|Any CPU
		Release|Mixed Platforms = Release|Mixed Platforms
		Release|Windows = Release|Windows
		Testing|Any CPU = Testing|Any CPU
		Testing|Mixed Platforms = Testing|Mixed Platforms
		Testing|Windows = Testing|Windows
	EndGlobalSection
	GlobalSection(ProjectConfigurationPlatforms) = postSolution
		{BDDD6C01-7873-4066-BC52-3E5847FE9F39}.AppStore|Any CPU.ActiveCfg = AppStore|Any CPU
		{BDDD6C01-7873-4066-BC52-3E5847FE9F39}.AppStore|Any CPU.Build.0 = AppStore|Any CPU
		{BDDD6C01-7873-4066-BC52-3E5847FE9F39}.AppStore|Any CPU.Deploy.0 = AppStore|Any CPU
		{BDDD6C01-7873-4066-BC52-3E5847FE9F39}.AppStore|Mixed Platforms.ActiveCfg = AppStore|Any CPU
		{BDDD6C01-7873-4066-BC52-3E5847FE9F39}.AppStore|Mixed Platforms.Build.0 = AppStore|Any CPU
		{BDDD6C01-7873-4066-BC52-3E5847FE9F39}.AppStore|Mixed Platforms.Deploy.0 = AppStore|Any CPU
		{BDDD6C01-7873-4066-BC52-3E5847FE9F39}.AppStore|Windows.ActiveCfg = AppStore|Any CPU
		{BDDD6C01-7873-4066-BC52-3E5847FE9F39}.AppStore|Windows.Build.0 = AppStore|Any CPU
		{BDDD6C01-7873-4066-BC52-3E5847FE9F39}.AppStore|Windows.Deploy.0 = AppStore|Any CPU
		{BDDD6C01-7873-4066-BC52-3E5847FE9F39}.Debug|Any CPU.ActiveCfg = Debug|Any CPU
		{BDDD6C01-7873-4066-BC52-3E5847FE9F39}.Debug|Any CPU.Build.0 = Debug|Any CPU
		{BDDD6C01-7873-4066-BC52-3E5847FE9F39}.Debug|Any CPU.Deploy.0 = Debug|Any CPU
		{BDDD6C01-7873-4066-BC52-3E5847FE9F39}.Debug|Mixed Platforms.ActiveCfg = Debug|Any CPU
		{BDDD6C01-7873-4066-BC52-3E5847FE9F39}.Debug|Mixed Platforms.Build.0 = Debug|Any CPU
		{BDDD6C01-7873-4066-BC52-3E5847FE9F39}.Debug|Mixed Platforms.Deploy.0 = Debug|Any CPU
		{BDDD6C01-7873-4066-BC52-3E5847FE9F39}.Debug|Windows.ActiveCfg = Debug|Any CPU
		{BDDD6C01-7873-4066-BC52-3E5847FE9F39}.Debug|Windows.Build.0 = Debug|Any CPU
		{BDDD6C01-7873-4066-BC52-3E5847FE9F39}.Debug|Windows.Deploy.0 = Debug|Any CPU
		{BDDD6C01-7873-4066-BC52-3E5847FE9F39}.Release|Any CPU.ActiveCfg = Release|Any CPU
		{BDDD6C01-7873-4066-BC52-3E5847FE9F39}.Release|Any CPU.Build.0 = Release|Any CPU
		{BDDD6C01-7873-4066-BC52-3E5847FE9F39}.Release|Any CPU.Deploy.0 = Release|Any CPU
		{BDDD6C01-7873-4066-BC52-3E5847FE9F39}.Release|Mixed Platforms.ActiveCfg = Release|Any CPU
		{BDDD6C01-7873-4066-BC52-3E5847FE9F39}.Release|Mixed Platforms.Build.0 = Release|Any CPU
		{BDDD6C01-7873-4066-BC52-3E5847FE9F39}.Release|Mixed Platforms.Deploy.0 = Release|Any CPU
		{BDDD6C01-7873-4066-BC52-3E5847FE9F39}.Release|Windows.ActiveCfg = Release|Any CPU
		{BDDD6C01-7873-4066-BC52-3E5847FE9F39}.Release|Windows.Build.0 = Release|Any CPU
		{BDDD6C01-7873-4066-BC52-3E5847FE9F39}.Release|Windows.Deploy.0 = Release|Any CPU
		{BDDD6C01-7873-4066-BC52-3E5847FE9F39}.Testing|Any CPU.ActiveCfg = Testing|Any CPU
		{BDDD6C01-7873-4066-BC52-3E5847FE9F39}.Testing|Any CPU.Build.0 = Testing|Any CPU
		{BDDD6C01-7873-4066-BC52-3E5847FE9F39}.Testing|Any CPU.Deploy.0 = Testing|Any CPU
		{BDDD6C01-7873-4066-BC52-3E5847FE9F39}.Testing|Mixed Platforms.ActiveCfg = Testing|Any CPU
		{BDDD6C01-7873-4066-BC52-3E5847FE9F39}.Testing|Mixed Platforms.Build.0 = Testing|Any CPU
		{BDDD6C01-7873-4066-BC52-3E5847FE9F39}.Testing|Mixed Platforms.Deploy.0 = Testing|Any CPU
		{BDDD6C01-7873-4066-BC52-3E5847FE9F39}.Testing|Windows.ActiveCfg = Testing|Any CPU
		{BDDD6C01-7873-4066-BC52-3E5847FE9F39}.Testing|Windows.Build.0 = Testing|Any CPU
		{BDDD6C01-7873-4066-BC52-3E5847FE9F39}.Testing|Windows.Deploy.0 = Testing|Any CPU
		{C821E6B2-04B2-4983-8348-7AC37B23C5E1}.AppStore|Any CPU.ActiveCfg = AppStore|Any CPU
		{C821E6B2-04B2-4983-8348-7AC37B23C5E1}.AppStore|Any CPU.Build.0 = AppStore|Any CPU
		{C821E6B2-04B2-4983-8348-7AC37B23C5E1}.AppStore|Mixed Platforms.ActiveCfg = AppStore|Any CPU
		{C821E6B2-04B2-4983-8348-7AC37B23C5E1}.AppStore|Mixed Platforms.Build.0 = AppStore|Any CPU
		{C821E6B2-04B2-4983-8348-7AC37B23C5E1}.AppStore|Windows.ActiveCfg = AppStore|Any CPU
		{C821E6B2-04B2-4983-8348-7AC37B23C5E1}.AppStore|Windows.Build.0 = AppStore|Any CPU
		{C821E6B2-04B2-4983-8348-7AC37B23C5E1}.Debug|Any CPU.ActiveCfg = Debug|Any CPU
		{C821E6B2-04B2-4983-8348-7AC37B23C5E1}.Debug|Any CPU.Build.0 = Debug|Any CPU
		{C821E6B2-04B2-4983-8348-7AC37B23C5E1}.Debug|Mixed Platforms.ActiveCfg = Debug|Any CPU
		{C821E6B2-04B2-4983-8348-7AC37B23C5E1}.Debug|Mixed Platforms.Build.0 = Debug|Any CPU
		{C821E6B2-04B2-4983-8348-7AC37B23C5E1}.Debug|Windows.ActiveCfg = Debug|Any CPU
		{C821E6B2-04B2-4983-8348-7AC37B23C5E1}.Debug|Windows.Build.0 = Debug|Any CPU
		{C821E6B2-04B2-4983-8348-7AC37B23C5E1}.Release|Any CPU.ActiveCfg = Release|Any CPU
		{C821E6B2-04B2-4983-8348-7AC37B23C5E1}.Release|Any CPU.Build.0 = Release|Any CPU
		{C821E6B2-04B2-4983-8348-7AC37B23C5E1}.Release|Mixed Platforms.ActiveCfg = Release|Any CPU
		{C821E6B2-04B2-4983-8348-7AC37B23C5E1}.Release|Mixed Platforms.Build.0 = Release|Any CPU
		{C821E6B2-04B2-4983-8348-7AC37B23C5E1}.Release|Windows.ActiveCfg = Release|Any CPU
		{C821E6B2-04B2-4983-8348-7AC37B23C5E1}.Release|Windows.Build.0 = Release|Any CPU
		{C821E6B2-04B2-4983-8348-7AC37B23C5E1}.Testing|Any CPU.ActiveCfg = Testing|Any CPU
		{C821E6B2-04B2-4983-8348-7AC37B23C5E1}.Testing|Any CPU.Build.0 = Testing|Any CPU
		{C821E6B2-04B2-4983-8348-7AC37B23C5E1}.Testing|Mixed Platforms.ActiveCfg = Testing|Any CPU
		{C821E6B2-04B2-4983-8348-7AC37B23C5E1}.Testing|Mixed Platforms.Build.0 = Testing|Any CPU
		{C821E6B2-04B2-4983-8348-7AC37B23C5E1}.Testing|Windows.ActiveCfg = Testing|Any CPU
		{C821E6B2-04B2-4983-8348-7AC37B23C5E1}.Testing|Windows.Build.0 = Testing|Any CPU
		{1604F9FD-44E3-446B-A0C1-5C553E68CA85}.AppStore|Any CPU.ActiveCfg = AppStore|Any CPU
		{1604F9FD-44E3-446B-A0C1-5C553E68CA85}.AppStore|Any CPU.Build.0 = AppStore|Any CPU
		{1604F9FD-44E3-446B-A0C1-5C553E68CA85}.AppStore|Any CPU.Deploy.0 = AppStore|Any CPU
		{1604F9FD-44E3-446B-A0C1-5C553E68CA85}.AppStore|Mixed Platforms.ActiveCfg = AppStore|Any CPU
		{1604F9FD-44E3-446B-A0C1-5C553E68CA85}.AppStore|Mixed Platforms.Build.0 = AppStore|Any CPU
		{1604F9FD-44E3-446B-A0C1-5C553E68CA85}.AppStore|Mixed Platforms.Deploy.0 = AppStore|Any CPU
		{1604F9FD-44E3-446B-A0C1-5C553E68CA85}.AppStore|Windows.ActiveCfg = AppStore|Any CPU
		{1604F9FD-44E3-446B-A0C1-5C553E68CA85}.AppStore|Windows.Build.0 = AppStore|Any CPU
		{1604F9FD-44E3-446B-A0C1-5C553E68CA85}.AppStore|Windows.Deploy.0 = AppStore|Any CPU
		{1604F9FD-44E3-446B-A0C1-5C553E68CA85}.Debug|Any CPU.ActiveCfg = Debug|Any CPU
		{1604F9FD-44E3-446B-A0C1-5C553E68CA85}.Debug|Any CPU.Build.0 = Debug|Any CPU
		{1604F9FD-44E3-446B-A0C1-5C553E68CA85}.Debug|Any CPU.Deploy.0 = Debug|Any CPU
		{1604F9FD-44E3-446B-A0C1-5C553E68CA85}.Debug|Mixed Platforms.ActiveCfg = Debug|Any CPU
		{1604F9FD-44E3-446B-A0C1-5C553E68CA85}.Debug|Mixed Platforms.Build.0 = Debug|Any CPU
		{1604F9FD-44E3-446B-A0C1-5C553E68CA85}.Debug|Mixed Platforms.Deploy.0 = Debug|Any CPU
		{1604F9FD-44E3-446B-A0C1-5C553E68CA85}.Debug|Windows.ActiveCfg = Debug|Any CPU
		{1604F9FD-44E3-446B-A0C1-5C553E68CA85}.Debug|Windows.Build.0 = Debug|Any CPU
		{1604F9FD-44E3-446B-A0C1-5C553E68CA85}.Debug|Windows.Deploy.0 = Debug|Any CPU
		{1604F9FD-44E3-446B-A0C1-5C553E68CA85}.Release|Any CPU.ActiveCfg = Release|Any CPU
		{1604F9FD-44E3-446B-A0C1-5C553E68CA85}.Release|Any CPU.Build.0 = Release|Any CPU
		{1604F9FD-44E3-446B-A0C1-5C553E68CA85}.Release|Any CPU.Deploy.0 = Release|Any CPU
		{1604F9FD-44E3-446B-A0C1-5C553E68CA85}.Release|Mixed Platforms.ActiveCfg = Release|Any CPU
		{1604F9FD-44E3-446B-A0C1-5C553E68CA85}.Release|Mixed Platforms.Build.0 = Release|Any CPU
		{1604F9FD-44E3-446B-A0C1-5C553E68CA85}.Release|Mixed Platforms.Deploy.0 = Release|Any CPU
		{1604F9FD-44E3-446B-A0C1-5C553E68CA85}.Release|Windows.ActiveCfg = Release|Any CPU
		{1604F9FD-44E3-446B-A0C1-5C553E68CA85}.Release|Windows.Build.0 = Release|Any CPU
		{1604F9FD-44E3-446B-A0C1-5C553E68CA85}.Release|Windows.Deploy.0 = Release|Any CPU
		{1604F9FD-44E3-446B-A0C1-5C553E68CA85}.Testing|Any CPU.ActiveCfg = Testing|Any CPU
		{1604F9FD-44E3-446B-A0C1-5C553E68CA85}.Testing|Any CPU.Build.0 = Testing|Any CPU
		{1604F9FD-44E3-446B-A0C1-5C553E68CA85}.Testing|Any CPU.Deploy.0 = Testing|Any CPU
		{1604F9FD-44E3-446B-A0C1-5C553E68CA85}.Testing|Mixed Platforms.ActiveCfg = Testing|Any CPU
		{1604F9FD-44E3-446B-A0C1-5C553E68CA85}.Testing|Mixed Platforms.Build.0 = Testing|Any CPU
		{1604F9FD-44E3-446B-A0C1-5C553E68CA85}.Testing|Mixed Platforms.Deploy.0 = Testing|Any CPU
		{1604F9FD-44E3-446B-A0C1-5C553E68CA85}.Testing|Windows.ActiveCfg = Testing|Any CPU
		{1604F9FD-44E3-446B-A0C1-5C553E68CA85}.Testing|Windows.Build.0 = Testing|Any CPU
		{1604F9FD-44E3-446B-A0C1-5C553E68CA85}.Testing|Windows.Deploy.0 = Testing|Any CPU
		{BB21DD24-5EFA-45E4-BD18-AEBC05EB889B}.AppStore|Any CPU.ActiveCfg = AppStore|Any CPU
		{BB21DD24-5EFA-45E4-BD18-AEBC05EB889B}.AppStore|Any CPU.Build.0 = AppStore|Any CPU
		{BB21DD24-5EFA-45E4-BD18-AEBC05EB889B}.AppStore|Mixed Platforms.ActiveCfg = AppStore|Any CPU
		{BB21DD24-5EFA-45E4-BD18-AEBC05EB889B}.AppStore|Mixed Platforms.Build.0 = AppStore|Any CPU
		{BB21DD24-5EFA-45E4-BD18-AEBC05EB889B}.AppStore|Windows.ActiveCfg = AppStore|Any CPU
		{BB21DD24-5EFA-45E4-BD18-AEBC05EB889B}.AppStore|Windows.Build.0 = AppStore|Any CPU
		{BB21DD24-5EFA-45E4-BD18-AEBC05EB889B}.Debug|Any CPU.ActiveCfg = Debug|Any CPU
		{BB21DD24-5EFA-45E4-BD18-AEBC05EB889B}.Debug|Any CPU.Build.0 = Debug|Any CPU
		{BB21DD24-5EFA-45E4-BD18-AEBC05EB889B}.Debug|Mixed Platforms.ActiveCfg = Debug|Any CPU
		{BB21DD24-5EFA-45E4-BD18-AEBC05EB889B}.Debug|Mixed Platforms.Build.0 = Debug|Any CPU
		{BB21DD24-5EFA-45E4-BD18-AEBC05EB889B}.Debug|Windows.ActiveCfg = Debug|Any CPU
		{BB21DD24-5EFA-45E4-BD18-AEBC05EB889B}.Debug|Windows.Build.0 = Debug|Any CPU
		{BB21DD24-5EFA-45E4-BD18-AEBC05EB889B}.Release|Any CPU.ActiveCfg = Release|Any CPU
		{BB21DD24-5EFA-45E4-BD18-AEBC05EB889B}.Release|Any CPU.Build.0 = Release|Any CPU
		{BB21DD24-5EFA-45E4-BD18-AEBC05EB889B}.Release|Mixed Platforms.ActiveCfg = Release|Any CPU
		{BB21DD24-5EFA-45E4-BD18-AEBC05EB889B}.Release|Mixed Platforms.Build.0 = Release|Any CPU
		{BB21DD24-5EFA-45E4-BD18-AEBC05EB889B}.Release|Windows.ActiveCfg = Release|Any CPU
		{BB21DD24-5EFA-45E4-BD18-AEBC05EB889B}.Release|Windows.Build.0 = Release|Any CPU
		{BB21DD24-5EFA-45E4-BD18-AEBC05EB889B}.Testing|Any CPU.ActiveCfg = Testing|Any CPU
		{BB21DD24-5EFA-45E4-BD18-AEBC05EB889B}.Testing|Any CPU.Build.0 = Testing|Any CPU
		{BB21DD24-5EFA-45E4-BD18-AEBC05EB889B}.Testing|Mixed Platforms.ActiveCfg = Testing|Any CPU
		{BB21DD24-5EFA-45E4-BD18-AEBC05EB889B}.Testing|Mixed Platforms.Build.0 = Testing|Any CPU
		{BB21DD24-5EFA-45E4-BD18-AEBC05EB889B}.Testing|Windows.ActiveCfg = Testing|Any CPU
		{BB21DD24-5EFA-45E4-BD18-AEBC05EB889B}.Testing|Windows.Build.0 = Testing|Any CPU
		{0E2EE5ED-C92B-4B2B-B0A8-770DD1669021}.AppStore|Any CPU.ActiveCfg = AppStore|Any CPU
		{0E2EE5ED-C92B-4B2B-B0A8-770DD1669021}.AppStore|Any CPU.Build.0 = AppStore|Any CPU
		{0E2EE5ED-C92B-4B2B-B0A8-770DD1669021}.AppStore|Any CPU.Deploy.0 = AppStore|Any CPU
		{0E2EE5ED-C92B-4B2B-B0A8-770DD1669021}.AppStore|Mixed Platforms.ActiveCfg = AppStore|Any CPU
		{0E2EE5ED-C92B-4B2B-B0A8-770DD1669021}.AppStore|Mixed Platforms.Build.0 = AppStore|Any CPU
		{0E2EE5ED-C92B-4B2B-B0A8-770DD1669021}.AppStore|Mixed Platforms.Deploy.0 = AppStore|Any CPU
		{0E2EE5ED-C92B-4B2B-B0A8-770DD1669021}.AppStore|Windows.ActiveCfg = AppStore|Any CPU
		{0E2EE5ED-C92B-4B2B-B0A8-770DD1669021}.AppStore|Windows.Build.0 = AppStore|Any CPU
		{0E2EE5ED-C92B-4B2B-B0A8-770DD1669021}.AppStore|Windows.Deploy.0 = AppStore|Any CPU
		{0E2EE5ED-C92B-4B2B-B0A8-770DD1669021}.Debug|Any CPU.ActiveCfg = Debug|Any CPU
		{0E2EE5ED-C92B-4B2B-B0A8-770DD1669021}.Debug|Any CPU.Build.0 = Debug|Any CPU
		{0E2EE5ED-C92B-4B2B-B0A8-770DD1669021}.Debug|Any CPU.Deploy.0 = Debug|Any CPU
		{0E2EE5ED-C92B-4B2B-B0A8-770DD1669021}.Debug|Mixed Platforms.ActiveCfg = Debug|Any CPU
		{0E2EE5ED-C92B-4B2B-B0A8-770DD1669021}.Debug|Mixed Platforms.Build.0 = Debug|Any CPU
		{0E2EE5ED-C92B-4B2B-B0A8-770DD1669021}.Debug|Mixed Platforms.Deploy.0 = Debug|Any CPU
		{0E2EE5ED-C92B-4B2B-B0A8-770DD1669021}.Debug|Windows.ActiveCfg = Debug|Any CPU
		{0E2EE5ED-C92B-4B2B-B0A8-770DD1669021}.Debug|Windows.Build.0 = Debug|Any CPU
		{0E2EE5ED-C92B-4B2B-B0A8-770DD1669021}.Debug|Windows.Deploy.0 = Debug|Any CPU
		{0E2EE5ED-C92B-4B2B-B0A8-770DD1669021}.Release|Any CPU.ActiveCfg = Release|Any CPU
		{0E2EE5ED-C92B-4B2B-B0A8-770DD1669021}.Release|Any CPU.Build.0 = Release|Any CPU
		{0E2EE5ED-C92B-4B2B-B0A8-770DD1669021}.Release|Any CPU.Deploy.0 = Release|Any CPU
		{0E2EE5ED-C92B-4B2B-B0A8-770DD1669021}.Release|Mixed Platforms.ActiveCfg = Release|Any CPU
		{0E2EE5ED-C92B-4B2B-B0A8-770DD1669021}.Release|Mixed Platforms.Build.0 = Release|Any CPU
		{0E2EE5ED-C92B-4B2B-B0A8-770DD1669021}.Release|Mixed Platforms.Deploy.0 = Release|Any CPU
		{0E2EE5ED-C92B-4B2B-B0A8-770DD1669021}.Release|Windows.ActiveCfg = Release|Any CPU
		{0E2EE5ED-C92B-4B2B-B0A8-770DD1669021}.Release|Windows.Build.0 = Release|Any CPU
		{0E2EE5ED-C92B-4B2B-B0A8-770DD1669021}.Release|Windows.Deploy.0 = Release|Any CPU
		{0E2EE5ED-C92B-4B2B-B0A8-770DD1669021}.Testing|Any CPU.ActiveCfg = Testing|Any CPU
		{0E2EE5ED-C92B-4B2B-B0A8-770DD1669021}.Testing|Any CPU.Build.0 = Testing|Any CPU
		{0E2EE5ED-C92B-4B2B-B0A8-770DD1669021}.Testing|Any CPU.Deploy.0 = Testing|Any CPU
		{0E2EE5ED-C92B-4B2B-B0A8-770DD1669021}.Testing|Mixed Platforms.ActiveCfg = Testing|Any CPU
		{0E2EE5ED-C92B-4B2B-B0A8-770DD1669021}.Testing|Mixed Platforms.Build.0 = Testing|Any CPU
		{0E2EE5ED-C92B-4B2B-B0A8-770DD1669021}.Testing|Mixed Platforms.Deploy.0 = Testing|Any CPU
		{0E2EE5ED-C92B-4B2B-B0A8-770DD1669021}.Testing|Windows.ActiveCfg = Testing|Any CPU
		{0E2EE5ED-C92B-4B2B-B0A8-770DD1669021}.Testing|Windows.Build.0 = Testing|Any CPU
		{0E2EE5ED-C92B-4B2B-B0A8-770DD1669021}.Testing|Windows.Deploy.0 = Testing|Any CPU
		{F97F7249-84F1-408F-A5B4-B5E9CBEE9DE1}.AppStore|Any CPU.ActiveCfg = AppStore|Any CPU
		{F97F7249-84F1-408F-A5B4-B5E9CBEE9DE1}.AppStore|Any CPU.Build.0 = AppStore|Any CPU
		{F97F7249-84F1-408F-A5B4-B5E9CBEE9DE1}.AppStore|Mixed Platforms.ActiveCfg = AppStore|Any CPU
		{F97F7249-84F1-408F-A5B4-B5E9CBEE9DE1}.AppStore|Mixed Platforms.Build.0 = AppStore|Any CPU
		{F97F7249-84F1-408F-A5B4-B5E9CBEE9DE1}.AppStore|Windows.ActiveCfg = AppStore|Any CPU
		{F97F7249-84F1-408F-A5B4-B5E9CBEE9DE1}.AppStore|Windows.Build.0 = AppStore|Any CPU
		{F97F7249-84F1-408F-A5B4-B5E9CBEE9DE1}.Debug|Any CPU.ActiveCfg = Debug|Any CPU
		{F97F7249-84F1-408F-A5B4-B5E9CBEE9DE1}.Debug|Any CPU.Build.0 = Debug|Any CPU
		{F97F7249-84F1-408F-A5B4-B5E9CBEE9DE1}.Debug|Mixed Platforms.ActiveCfg = Debug|Any CPU
		{F97F7249-84F1-408F-A5B4-B5E9CBEE9DE1}.Debug|Mixed Platforms.Build.0 = Debug|Any CPU
		{F97F7249-84F1-408F-A5B4-B5E9CBEE9DE1}.Debug|Windows.ActiveCfg = Debug|Any CPU
		{F97F7249-84F1-408F-A5B4-B5E9CBEE9DE1}.Debug|Windows.Build.0 = Debug|Any CPU
		{F97F7249-84F1-408F-A5B4-B5E9CBEE9DE1}.Release|Any CPU.ActiveCfg = Release|Any CPU
		{F97F7249-84F1-408F-A5B4-B5E9CBEE9DE1}.Release|Any CPU.Build.0 = Release|Any CPU
		{F97F7249-84F1-408F-A5B4-B5E9CBEE9DE1}.Release|Mixed Platforms.ActiveCfg = Release|Any CPU
		{F97F7249-84F1-408F-A5B4-B5E9CBEE9DE1}.Release|Mixed Platforms.Build.0 = Release|Any CPU
		{F97F7249-84F1-408F-A5B4-B5E9CBEE9DE1}.Release|Windows.ActiveCfg = Release|Any CPU
		{F97F7249-84F1-408F-A5B4-B5E9CBEE9DE1}.Release|Windows.Build.0 = Release|Any CPU
		{F97F7249-84F1-408F-A5B4-B5E9CBEE9DE1}.Testing|Any CPU.ActiveCfg = Testing|Any CPU
		{F97F7249-84F1-408F-A5B4-B5E9CBEE9DE1}.Testing|Any CPU.Build.0 = Testing|Any CPU
		{F97F7249-84F1-408F-A5B4-B5E9CBEE9DE1}.Testing|Mixed Platforms.ActiveCfg = Testing|Any CPU
		{F97F7249-84F1-408F-A5B4-B5E9CBEE9DE1}.Testing|Mixed Platforms.Build.0 = Testing|Any CPU
		{F97F7249-84F1-408F-A5B4-B5E9CBEE9DE1}.Testing|Windows.ActiveCfg = Testing|Any CPU
		{F97F7249-84F1-408F-A5B4-B5E9CBEE9DE1}.Testing|Windows.Build.0 = Testing|Any CPU
		{37AA2C2B-32E5-4A63-A423-408817F7A2DD}.AppStore|Any CPU.ActiveCfg = AppStore|Any CPU
		{37AA2C2B-32E5-4A63-A423-408817F7A2DD}.AppStore|Any CPU.Build.0 = AppStore|Any CPU
		{37AA2C2B-32E5-4A63-A423-408817F7A2DD}.AppStore|Any CPU.Deploy.0 = AppStore|Any CPU
		{37AA2C2B-32E5-4A63-A423-408817F7A2DD}.AppStore|Mixed Platforms.ActiveCfg = AppStore|Any CPU
		{37AA2C2B-32E5-4A63-A423-408817F7A2DD}.AppStore|Mixed Platforms.Build.0 = AppStore|Any CPU
		{37AA2C2B-32E5-4A63-A423-408817F7A2DD}.AppStore|Mixed Platforms.Deploy.0 = AppStore|Any CPU
		{37AA2C2B-32E5-4A63-A423-408817F7A2DD}.AppStore|Windows.ActiveCfg = AppStore|Any CPU
		{37AA2C2B-32E5-4A63-A423-408817F7A2DD}.AppStore|Windows.Build.0 = AppStore|Any CPU
		{37AA2C2B-32E5-4A63-A423-408817F7A2DD}.AppStore|Windows.Deploy.0 = AppStore|Any CPU
		{37AA2C2B-32E5-4A63-A423-408817F7A2DD}.Debug|Any CPU.ActiveCfg = Debug|Any CPU
		{37AA2C2B-32E5-4A63-A423-408817F7A2DD}.Debug|Any CPU.Build.0 = Debug|Any CPU
		{37AA2C2B-32E5-4A63-A423-408817F7A2DD}.Debug|Any CPU.Deploy.0 = Debug|Any CPU
		{37AA2C2B-32E5-4A63-A423-408817F7A2DD}.Debug|Mixed Platforms.ActiveCfg = Debug|Any CPU
		{37AA2C2B-32E5-4A63-A423-408817F7A2DD}.Debug|Mixed Platforms.Build.0 = Debug|Any CPU
		{37AA2C2B-32E5-4A63-A423-408817F7A2DD}.Debug|Mixed Platforms.Deploy.0 = Debug|Any CPU
		{37AA2C2B-32E5-4A63-A423-408817F7A2DD}.Debug|Windows.ActiveCfg = Debug|Any CPU
		{37AA2C2B-32E5-4A63-A423-408817F7A2DD}.Debug|Windows.Build.0 = Debug|Any CPU
		{37AA2C2B-32E5-4A63-A423-408817F7A2DD}.Debug|Windows.Deploy.0 = Debug|Any CPU
		{37AA2C2B-32E5-4A63-A423-408817F7A2DD}.Release|Any CPU.ActiveCfg = Release|Any CPU
		{37AA2C2B-32E5-4A63-A423-408817F7A2DD}.Release|Any CPU.Build.0 = Release|Any CPU
		{37AA2C2B-32E5-4A63-A423-408817F7A2DD}.Release|Any CPU.Deploy.0 = Release|Any CPU
		{37AA2C2B-32E5-4A63-A423-408817F7A2DD}.Release|Mixed Platforms.ActiveCfg = Release|Any CPU
		{37AA2C2B-32E5-4A63-A423-408817F7A2DD}.Release|Mixed Platforms.Build.0 = Release|Any CPU
		{37AA2C2B-32E5-4A63-A423-408817F7A2DD}.Release|Mixed Platforms.Deploy.0 = Release|Any CPU
		{37AA2C2B-32E5-4A63-A423-408817F7A2DD}.Release|Windows.ActiveCfg = Release|Any CPU
		{37AA2C2B-32E5-4A63-A423-408817F7A2DD}.Release|Windows.Build.0 = Release|Any CPU
		{37AA2C2B-32E5-4A63-A423-408817F7A2DD}.Release|Windows.Deploy.0 = Release|Any CPU
		{37AA2C2B-32E5-4A63-A423-408817F7A2DD}.Testing|Any CPU.ActiveCfg = Testing|Any CPU
		{37AA2C2B-32E5-4A63-A423-408817F7A2DD}.Testing|Any CPU.Build.0 = Testing|Any CPU
		{37AA2C2B-32E5-4A63-A423-408817F7A2DD}.Testing|Any CPU.Deploy.0 = Testing|Any CPU
		{37AA2C2B-32E5-4A63-A423-408817F7A2DD}.Testing|Mixed Platforms.ActiveCfg = Testing|Any CPU
		{37AA2C2B-32E5-4A63-A423-408817F7A2DD}.Testing|Mixed Platforms.Build.0 = Testing|Any CPU
		{37AA2C2B-32E5-4A63-A423-408817F7A2DD}.Testing|Mixed Platforms.Deploy.0 = Testing|Any CPU
		{37AA2C2B-32E5-4A63-A423-408817F7A2DD}.Testing|Windows.ActiveCfg = Testing|Any CPU
		{37AA2C2B-32E5-4A63-A423-408817F7A2DD}.Testing|Windows.Build.0 = Testing|Any CPU
		{37AA2C2B-32E5-4A63-A423-408817F7A2DD}.Testing|Windows.Deploy.0 = Testing|Any CPU
		{763D6093-3C87-4055-8B78-192B329CECD4}.AppStore|Any CPU.ActiveCfg = AppStore|Any CPU
		{763D6093-3C87-4055-8B78-192B329CECD4}.AppStore|Any CPU.Build.0 = AppStore|Any CPU
		{763D6093-3C87-4055-8B78-192B329CECD4}.AppStore|Mixed Platforms.ActiveCfg = AppStore|Any CPU
		{763D6093-3C87-4055-8B78-192B329CECD4}.AppStore|Mixed Platforms.Build.0 = AppStore|Any CPU
		{763D6093-3C87-4055-8B78-192B329CECD4}.AppStore|Windows.ActiveCfg = AppStore|Any CPU
		{763D6093-3C87-4055-8B78-192B329CECD4}.AppStore|Windows.Build.0 = AppStore|Any CPU
		{763D6093-3C87-4055-8B78-192B329CECD4}.Debug|Any CPU.ActiveCfg = Debug|Any CPU
		{763D6093-3C87-4055-8B78-192B329CECD4}.Debug|Any CPU.Build.0 = Debug|Any CPU
		{763D6093-3C87-4055-8B78-192B329CECD4}.Debug|Mixed Platforms.ActiveCfg = Debug|Any CPU
		{763D6093-3C87-4055-8B78-192B329CECD4}.Debug|Mixed Platforms.Build.0 = Debug|Any CPU
		{763D6093-3C87-4055-8B78-192B329CECD4}.Debug|Windows.ActiveCfg = Debug|Any CPU
		{763D6093-3C87-4055-8B78-192B329CECD4}.Debug|Windows.Build.0 = Debug|Any CPU
		{763D6093-3C87-4055-8B78-192B329CECD4}.Release|Any CPU.ActiveCfg = Release|Any CPU
		{763D6093-3C87-4055-8B78-192B329CECD4}.Release|Any CPU.Build.0 = Release|Any CPU
		{763D6093-3C87-4055-8B78-192B329CECD4}.Release|Mixed Platforms.ActiveCfg = Release|Any CPU
		{763D6093-3C87-4055-8B78-192B329CECD4}.Release|Mixed Platforms.Build.0 = Release|Any CPU
		{763D6093-3C87-4055-8B78-192B329CECD4}.Release|Windows.ActiveCfg = Release|Any CPU
		{763D6093-3C87-4055-8B78-192B329CECD4}.Release|Windows.Build.0 = Release|Any CPU
		{763D6093-3C87-4055-8B78-192B329CECD4}.Testing|Any CPU.ActiveCfg = Testing|Any CPU
		{763D6093-3C87-4055-8B78-192B329CECD4}.Testing|Any CPU.Build.0 = Testing|Any CPU
		{763D6093-3C87-4055-8B78-192B329CECD4}.Testing|Mixed Platforms.ActiveCfg = Testing|Any CPU
		{763D6093-3C87-4055-8B78-192B329CECD4}.Testing|Mixed Platforms.Build.0 = Testing|Any CPU
		{763D6093-3C87-4055-8B78-192B329CECD4}.Testing|Windows.ActiveCfg = Testing|Any CPU
		{763D6093-3C87-4055-8B78-192B329CECD4}.Testing|Windows.Build.0 = Testing|Any CPU
		{F9DC6E72-D9E4-4297-A22F-2B7F2E009848}.AppStore|Any CPU.ActiveCfg = AppStore|Any CPU
		{F9DC6E72-D9E4-4297-A22F-2B7F2E009848}.AppStore|Any CPU.Build.0 = AppStore|Any CPU
		{F9DC6E72-D9E4-4297-A22F-2B7F2E009848}.AppStore|Any CPU.Deploy.0 = AppStore|Any CPU
		{F9DC6E72-D9E4-4297-A22F-2B7F2E009848}.AppStore|Mixed Platforms.ActiveCfg = AppStore|Any CPU
		{F9DC6E72-D9E4-4297-A22F-2B7F2E009848}.AppStore|Mixed Platforms.Build.0 = AppStore|Any CPU
		{F9DC6E72-D9E4-4297-A22F-2B7F2E009848}.AppStore|Mixed Platforms.Deploy.0 = AppStore|Any CPU
		{F9DC6E72-D9E4-4297-A22F-2B7F2E009848}.AppStore|Windows.ActiveCfg = AppStore|Any CPU
		{F9DC6E72-D9E4-4297-A22F-2B7F2E009848}.AppStore|Windows.Build.0 = AppStore|Any CPU
		{F9DC6E72-D9E4-4297-A22F-2B7F2E009848}.AppStore|Windows.Deploy.0 = AppStore|Any CPU
		{F9DC6E72-D9E4-4297-A22F-2B7F2E009848}.Debug|Any CPU.ActiveCfg = Debug|Any CPU
		{F9DC6E72-D9E4-4297-A22F-2B7F2E009848}.Debug|Any CPU.Build.0 = Debug|Any CPU
		{F9DC6E72-D9E4-4297-A22F-2B7F2E009848}.Debug|Any CPU.Deploy.0 = Debug|Any CPU
		{F9DC6E72-D9E4-4297-A22F-2B7F2E009848}.Debug|Mixed Platforms.ActiveCfg = Debug|Any CPU
		{F9DC6E72-D9E4-4297-A22F-2B7F2E009848}.Debug|Mixed Platforms.Build.0 = Debug|Any CPU
		{F9DC6E72-D9E4-4297-A22F-2B7F2E009848}.Debug|Mixed Platforms.Deploy.0 = Debug|Any CPU
		{F9DC6E72-D9E4-4297-A22F-2B7F2E009848}.Debug|Windows.ActiveCfg = Debug|Any CPU
		{F9DC6E72-D9E4-4297-A22F-2B7F2E009848}.Debug|Windows.Build.0 = Debug|Any CPU
		{F9DC6E72-D9E4-4297-A22F-2B7F2E009848}.Debug|Windows.Deploy.0 = Debug|Any CPU
		{F9DC6E72-D9E4-4297-A22F-2B7F2E009848}.Release|Any CPU.ActiveCfg = Release|Any CPU
		{F9DC6E72-D9E4-4297-A22F-2B7F2E009848}.Release|Any CPU.Build.0 = Release|Any CPU
		{F9DC6E72-D9E4-4297-A22F-2B7F2E009848}.Release|Any CPU.Deploy.0 = Release|Any CPU
		{F9DC6E72-D9E4-4297-A22F-2B7F2E009848}.Release|Mixed Platforms.ActiveCfg = Release|Any CPU
		{F9DC6E72-D9E4-4297-A22F-2B7F2E009848}.Release|Mixed Platforms.Build.0 = Release|Any CPU
		{F9DC6E72-D9E4-4297-A22F-2B7F2E009848}.Release|Mixed Platforms.Deploy.0 = Release|Any CPU
		{F9DC6E72-D9E4-4297-A22F-2B7F2E009848}.Release|Windows.ActiveCfg = Release|Any CPU
		{F9DC6E72-D9E4-4297-A22F-2B7F2E009848}.Release|Windows.Build.0 = Release|Any CPU
		{F9DC6E72-D9E4-4297-A22F-2B7F2E009848}.Release|Windows.Deploy.0 = Release|Any CPU
		{F9DC6E72-D9E4-4297-A22F-2B7F2E009848}.Testing|Any CPU.ActiveCfg = Testing|Any CPU
		{F9DC6E72-D9E4-4297-A22F-2B7F2E009848}.Testing|Any CPU.Build.0 = Testing|Any CPU
		{F9DC6E72-D9E4-4297-A22F-2B7F2E009848}.Testing|Any CPU.Deploy.0 = Testing|Any CPU
		{F9DC6E72-D9E4-4297-A22F-2B7F2E009848}.Testing|Mixed Platforms.ActiveCfg = Testing|Any CPU
		{F9DC6E72-D9E4-4297-A22F-2B7F2E009848}.Testing|Mixed Platforms.Build.0 = Testing|Any CPU
		{F9DC6E72-D9E4-4297-A22F-2B7F2E009848}.Testing|Mixed Platforms.Deploy.0 = Testing|Any CPU
		{F9DC6E72-D9E4-4297-A22F-2B7F2E009848}.Testing|Windows.ActiveCfg = Testing|Any CPU
		{F9DC6E72-D9E4-4297-A22F-2B7F2E009848}.Testing|Windows.Build.0 = Testing|Any CPU
		{F9DC6E72-D9E4-4297-A22F-2B7F2E009848}.Testing|Windows.Deploy.0 = Testing|Any CPU
		{017C6B97-8A7F-4AD4-9E10-E5FC7E5FD5A7}.AppStore|Any CPU.ActiveCfg = AppStore|Any CPU
		{017C6B97-8A7F-4AD4-9E10-E5FC7E5FD5A7}.AppStore|Any CPU.Build.0 = AppStore|Any CPU
		{017C6B97-8A7F-4AD4-9E10-E5FC7E5FD5A7}.AppStore|Mixed Platforms.ActiveCfg = AppStore|Any CPU
		{017C6B97-8A7F-4AD4-9E10-E5FC7E5FD5A7}.AppStore|Mixed Platforms.Build.0 = AppStore|Any CPU
		{017C6B97-8A7F-4AD4-9E10-E5FC7E5FD5A7}.AppStore|Windows.ActiveCfg = AppStore|Any CPU
		{017C6B97-8A7F-4AD4-9E10-E5FC7E5FD5A7}.AppStore|Windows.Build.0 = AppStore|Any CPU
		{017C6B97-8A7F-4AD4-9E10-E5FC7E5FD5A7}.Debug|Any CPU.ActiveCfg = Debug|Any CPU
		{017C6B97-8A7F-4AD4-9E10-E5FC7E5FD5A7}.Debug|Any CPU.Build.0 = Debug|Any CPU
		{017C6B97-8A7F-4AD4-9E10-E5FC7E5FD5A7}.Debug|Mixed Platforms.ActiveCfg = Debug|Any CPU
		{017C6B97-8A7F-4AD4-9E10-E5FC7E5FD5A7}.Debug|Mixed Platforms.Build.0 = Debug|Any CPU
		{017C6B97-8A7F-4AD4-9E10-E5FC7E5FD5A7}.Debug|Windows.ActiveCfg = Debug|Any CPU
		{017C6B97-8A7F-4AD4-9E10-E5FC7E5FD5A7}.Debug|Windows.Build.0 = Debug|Any CPU
		{017C6B97-8A7F-4AD4-9E10-E5FC7E5FD5A7}.Release|Any CPU.ActiveCfg = Release|Any CPU
		{017C6B97-8A7F-4AD4-9E10-E5FC7E5FD5A7}.Release|Any CPU.Build.0 = Release|Any CPU
		{017C6B97-8A7F-4AD4-9E10-E5FC7E5FD5A7}.Release|Mixed Platforms.ActiveCfg = Release|Any CPU
		{017C6B97-8A7F-4AD4-9E10-E5FC7E5FD5A7}.Release|Mixed Platforms.Build.0 = Release|Any CPU
		{017C6B97-8A7F-4AD4-9E10-E5FC7E5FD5A7}.Release|Windows.ActiveCfg = Release|Any CPU
		{017C6B97-8A7F-4AD4-9E10-E5FC7E5FD5A7}.Release|Windows.Build.0 = Release|Any CPU
		{017C6B97-8A7F-4AD4-9E10-E5FC7E5FD5A7}.Testing|Any CPU.ActiveCfg = Testing|Any CPU
		{017C6B97-8A7F-4AD4-9E10-E5FC7E5FD5A7}.Testing|Any CPU.Build.0 = Testing|Any CPU
		{017C6B97-8A7F-4AD4-9E10-E5FC7E5FD5A7}.Testing|Mixed Platforms.ActiveCfg = Testing|Any CPU
		{017C6B97-8A7F-4AD4-9E10-E5FC7E5FD5A7}.Testing|Mixed Platforms.Build.0 = Testing|Any CPU
		{017C6B97-8A7F-4AD4-9E10-E5FC7E5FD5A7}.Testing|Windows.ActiveCfg = Testing|Any CPU
		{017C6B97-8A7F-4AD4-9E10-E5FC7E5FD5A7}.Testing|Windows.Build.0 = Testing|Any CPU
	EndGlobalSection
	GlobalSection(SolutionProperties) = preSolution
		HideSolutionNode = FALSE
	EndGlobalSection
	GlobalSection(NestedProjects) = preSolution
		{2B920979-D010-44FA-A415-E52D97E51DF3} = {82EAB4A6-B265-47C2-B544-D7671BDB3D2D}
		{BDDD6C01-7873-4066-BC52-3E5847FE9F39} = {2B920979-D010-44FA-A415-E52D97E51DF3}
		{C821E6B2-04B2-4983-8348-7AC37B23C5E1} = {2B920979-D010-44FA-A415-E52D97E51DF3}
		{FAB17593-F065-4CA3-9C1E-AEF47BF8A635} = {82EAB4A6-B265-47C2-B544-D7671BDB3D2D}
		{1604F9FD-44E3-446B-A0C1-5C553E68CA85} = {FAB17593-F065-4CA3-9C1E-AEF47BF8A635}
		{BB21DD24-5EFA-45E4-BD18-AEBC05EB889B} = {FAB17593-F065-4CA3-9C1E-AEF47BF8A635}
		{281CE502-785B-4FD2-83C7-AB89105C518A} = {82EAB4A6-B265-47C2-B544-D7671BDB3D2D}
		{0E2EE5ED-C92B-4B2B-B0A8-770DD1669021} = {281CE502-785B-4FD2-83C7-AB89105C518A}
		{F97F7249-84F1-408F-A5B4-B5E9CBEE9DE1} = {281CE502-785B-4FD2-83C7-AB89105C518A}
		{8314E1E8-4D39-4283-B290-7F220F9AD372} = {82EAB4A6-B265-47C2-B544-D7671BDB3D2D}
		{37AA2C2B-32E5-4A63-A423-408817F7A2DD} = {8314E1E8-4D39-4283-B290-7F220F9AD372}
		{763D6093-3C87-4055-8B78-192B329CECD4} = {8314E1E8-4D39-4283-B290-7F220F9AD372}
		{46498004-9DD1-4DF1-BB8B-DC024CE0AEE7} = {82EAB4A6-B265-47C2-B544-D7671BDB3D2D}
		{F9DC6E72-D9E4-4297-A22F-2B7F2E009848} = {46498004-9DD1-4DF1-BB8B-DC024CE0AEE7}
		{017C6B97-8A7F-4AD4-9E10-E5FC7E5FD5A7} = {46498004-9DD1-4DF1-BB8B-DC024CE0AEE7}
	EndGlobalSection
EndGlobal
