
Microsoft Visual Studio Solution File, Format Version 12.00
# Visual Studio 14
VisualStudioVersion = 14.0.24720.0
MinimumVisualStudioVersion = 14.0.23107.0
Project("{2150E333-8FDC-42A3-9474-1A3956D46DE8}") = "Particles", "Particles", "{82EAB4A6-B265-47C2-B544-D7671BDB3D2D}"
EndProject
Project("{2150E333-8FDC-42A3-9474-1A3956D46DE8}") = "SimpleParticles", "SimpleParticles", "{2B920979-D010-44FA-A415-E52D97E51DF3}"
	ProjectSection(SiliconStudioPackage) = preProject
		Particles/SimpleParticles/SimpleParticles.xkpkg = Particles/SimpleParticles/SimpleParticles.xkpkg
	EndProjectSection
EndProject
Project("{FAE04EC0-301F-11D3-BF4B-00C04F79EFBC}") = "SimpleParticles.Windows", "Particles\SimpleParticles\SimpleParticles.Windows\SimpleParticles.Windows.csproj", "{BDDD6C01-7873-4066-BC52-3E5847FE9F39}"
EndProject
Project("{FAE04EC0-301F-11D3-BF4B-00C04F79EFBC}") = "SimpleParticles.Game", "Particles\SimpleParticles\SimpleParticles.Game\SimpleParticles.Game.csproj", "{C821E6B2-04B2-4983-8348-7AC37B23C5E1}"
EndProject
Project("{2150E333-8FDC-42A3-9474-1A3956D46DE8}") = "ParticleMaterialShader", "ParticleMaterialShader", "{FAB17593-F065-4CA3-9C1E-AEF47BF8A635}"
	ProjectSection(SiliconStudioPackage) = preProject
		Particles/ParticleMaterialShader/ParticleMaterialShader.xkpkg = Particles/ParticleMaterialShader/ParticleMaterialShader.xkpkg
	EndProjectSection
EndProject
Project("{FAE04EC0-301F-11D3-BF4B-00C04F79EFBC}") = "ParticleMaterialShader.Windows", "Particles\ParticleMaterialShader\ParticleMaterialShader.Windows\ParticleMaterialShader.Windows.csproj", "{1604F9FD-44E3-446B-A0C1-5C553E68CA85}"
EndProject
Project("{FAE04EC0-301F-11D3-BF4B-00C04F79EFBC}") = "ParticleMaterialShader.Game", "Particles\ParticleMaterialShader\ParticleMaterialShader.Game\ParticleMaterialShader.Game.csproj", "{BB21DD24-5EFA-45E4-BD18-AEBC05EB889B}"
EndProject
Project("{2150E333-8FDC-42A3-9474-1A3956D46DE8}") = "CustomParticles", "CustomParticles", "{281CE502-785B-4FD2-83C7-AB89105C518A}"
	ProjectSection(SiliconStudioPackage) = preProject
		Particles/CustomParticles/CustomParticles.xkpkg = Particles/CustomParticles/CustomParticles.xkpkg
	EndProjectSection
EndProject
Project("{FAE04EC0-301F-11D3-BF4B-00C04F79EFBC}") = "CustomParticles.Windows", "Particles\CustomParticles\CustomParticles.Windows\CustomParticles.Windows.csproj", "{0E2EE5ED-C92B-4B2B-B0A8-770DD1669021}"
EndProject
Project("{FAE04EC0-301F-11D3-BF4B-00C04F79EFBC}") = "CustomParticles.Game", "Particles\CustomParticles\CustomParticles.Game\CustomParticles.Game.csproj", "{F97F7249-84F1-408F-A5B4-B5E9CBEE9DE1}"
EndProject
Project("{2150E333-8FDC-42A3-9474-1A3956D46DE8}") = "AnimatedParticles", "AnimatedParticles", "{8314E1E8-4D39-4283-B290-7F220F9AD372}"
	ProjectSection(SiliconStudioPackage) = preProject
		Particles/AnimatedParticles/AnimatedParticles.xkpkg = Particles/AnimatedParticles/AnimatedParticles.xkpkg
	EndProjectSection
EndProject
Project("{FAE04EC0-301F-11D3-BF4B-00C04F79EFBC}") = "AnimatedParticles.Windows", "Particles\AnimatedParticles\AnimatedParticles.Windows\AnimatedParticles.Windows.csproj", "{37AA2C2B-32E5-4A63-A423-408817F7A2DD}"
EndProject
Project("{FAE04EC0-301F-11D3-BF4B-00C04F79EFBC}") = "AnimatedParticles.Game", "Particles\AnimatedParticles\AnimatedParticles.Game\AnimatedParticles.Game.csproj", "{763D6093-3C87-4055-8B78-192B329CECD4}"
EndProject
Project("{2150E333-8FDC-42A3-9474-1A3956D46DE8}") = "RibbonParticles", "RibbonParticles", "{46498004-9DD1-4DF1-BB8B-DC024CE0AEE7}"
	ProjectSection(SiliconStudioPackage) = preProject
		Particles/RibbonParticles/RibbonParticles.xkpkg = Particles/RibbonParticles/RibbonParticles.xkpkg
	EndProjectSection
EndProject
Project("{FAE04EC0-301F-11D3-BF4B-00C04F79EFBC}") = "RibbonParticles.Windows", "Particles\RibbonParticles\RibbonParticles.Windows\RibbonParticles.Windows.csproj", "{F9DC6E72-D9E4-4297-A22F-2B7F2E009848}"
EndProject
Project("{FAE04EC0-301F-11D3-BF4B-00C04F79EFBC}") = "RibbonParticles.Game", "Particles\RibbonParticles\RibbonParticles.Game\RibbonParticles.Game.csproj", "{017C6B97-8A7F-4AD4-9E10-E5FC7E5FD5A7}"
EndProject
Project("{2150E333-8FDC-42A3-9474-1A3956D46DE8}") = "ChildParticles", "ChildParticles", "{437A06A1-4E6E-4386-B014-AD2207F999AC}"
	ProjectSection(SiliconStudioPackage) = preProject
		Particles/ChildParticles/ChildParticles.xkpkg = Particles/ChildParticles/ChildParticles.xkpkg
	EndProjectSection
EndProject
Project("{FAE04EC0-301F-11D3-BF4B-00C04F79EFBC}") = "ChildParticles.Windows", "Particles\ChildParticles\ChildParticles.Windows\ChildParticles.Windows.csproj", "{9D123D07-2C89-4DE6-A8DC-948B98A2557E}"
EndProject
Project("{FAE04EC0-301F-11D3-BF4B-00C04F79EFBC}") = "ChildParticles.Game", "Particles\ChildParticles\ChildParticles.Game\ChildParticles.Game.csproj", "{4E654216-9073-4839-B7A1-D722737C0417}"
EndProject
Project("{2150E333-8FDC-42A3-9474-1A3956D46DE8}") = "LightningsAndLasers", "LightningsAndLasers", "{C63A1C7C-3694-4E6A-AD30-97541B8AFB88}"
	ProjectSection(SiliconStudioPackage) = preProject
		Particles/LightningsAndLasers/LightningsAndLasers.xkpkg = Particles/LightningsAndLasers/LightningsAndLasers.xkpkg
	EndProjectSection
EndProject
Project("{FAE04EC0-301F-11D3-BF4B-00C04F79EFBC}") = "LightningsAndLasers.Windows", "Particles\LightningsAndLasers\LightningsAndLasers.Windows\LightningsAndLasers.Windows.csproj", "{CAE8463E-3AF9-450E-B6AF-10E7DB37ECBB}"
EndProject
Project("{FAE04EC0-301F-11D3-BF4B-00C04F79EFBC}") = "LightningsAndLasers.Game", "Particles\LightningsAndLasers\LightningsAndLasers.Game\LightningsAndLasers.Game.csproj", "{9264D0A8-E898-48BB-9E06-C03E4705B361}"
EndProject
Global
	GlobalSection(SolutionConfigurationPlatforms) = preSolution
		AppStore|Any CPU = AppStore|Any CPU
		AppStore|Mixed Platforms = AppStore|Mixed Platforms
		AppStore|Windows = AppStore|Windows
		CoreCLR_Debug|Any CPU = CoreCLR_Debug|Any CPU
		CoreCLR_Debug|Mixed Platforms = CoreCLR_Debug|Mixed Platforms
		CoreCLR_Debug|Windows = CoreCLR_Debug|Windows
		CoreCLR_Release|Any CPU = CoreCLR_Release|Any CPU
		CoreCLR_Release|Mixed Platforms = CoreCLR_Release|Mixed Platforms
		CoreCLR_Release|Windows = CoreCLR_Release|Windows
		Debug|Any CPU = Debug|Any CPU
		Debug|Mixed Platforms = Debug|Mixed Platforms
		Debug|Windows = Debug|Windows
		Release|Any CPU = Release|Any CPU
		Release|Mixed Platforms = Release|Mixed Platforms
		Release|Windows = Release|Windows
		Testing|Any CPU = Testing|Any CPU
		Testing|Mixed Platforms = Testing|Mixed Platforms
		Testing|Windows = Testing|Windows
	EndGlobalSection
	GlobalSection(ProjectConfigurationPlatforms) = postSolution
		{BDDD6C01-7873-4066-BC52-3E5847FE9F39}.AppStore|Any CPU.ActiveCfg = AppStore|Any CPU
		{BDDD6C01-7873-4066-BC52-3E5847FE9F39}.AppStore|Any CPU.Build.0 = AppStore|Any CPU
		{BDDD6C01-7873-4066-BC52-3E5847FE9F39}.AppStore|Any CPU.Deploy.0 = AppStore|Any CPU
		{BDDD6C01-7873-4066-BC52-3E5847FE9F39}.AppStore|Mixed Platforms.ActiveCfg = AppStore|Any CPU
		{BDDD6C01-7873-4066-BC52-3E5847FE9F39}.AppStore|Mixed Platforms.Build.0 = AppStore|Any CPU
		{BDDD6C01-7873-4066-BC52-3E5847FE9F39}.AppStore|Mixed Platforms.Deploy.0 = AppStore|Any CPU
		{BDDD6C01-7873-4066-BC52-3E5847FE9F39}.AppStore|Windows.ActiveCfg = AppStore|Any CPU
		{BDDD6C01-7873-4066-BC52-3E5847FE9F39}.AppStore|Windows.Build.0 = AppStore|Any CPU
		{BDDD6C01-7873-4066-BC52-3E5847FE9F39}.AppStore|Windows.Deploy.0 = AppStore|Any CPU
		{BDDD6C01-7873-4066-BC52-3E5847FE9F39}.CoreCLR_Debug|Any CPU.ActiveCfg = CoreCLR_Debug|Any CPU
		{BDDD6C01-7873-4066-BC52-3E5847FE9F39}.CoreCLR_Debug|Any CPU.Build.0 = CoreCLR_Debug|Any CPU
		{BDDD6C01-7873-4066-BC52-3E5847FE9F39}.CoreCLR_Debug|Any CPU.Deploy.0 = CoreCLR_Debug|Any CPU
		{BDDD6C01-7873-4066-BC52-3E5847FE9F39}.CoreCLR_Debug|Mixed Platforms.ActiveCfg = CoreCLR_Debug|Any CPU
		{BDDD6C01-7873-4066-BC52-3E5847FE9F39}.CoreCLR_Debug|Mixed Platforms.Build.0 = CoreCLR_Debug|Any CPU
		{BDDD6C01-7873-4066-BC52-3E5847FE9F39}.CoreCLR_Debug|Mixed Platforms.Deploy.0 = CoreCLR_Debug|Any CPU
		{BDDD6C01-7873-4066-BC52-3E5847FE9F39}.CoreCLR_Debug|Windows.ActiveCfg = CoreCLR_Debug|Any CPU
		{BDDD6C01-7873-4066-BC52-3E5847FE9F39}.CoreCLR_Debug|Windows.Build.0 = CoreCLR_Debug|Any CPU
		{BDDD6C01-7873-4066-BC52-3E5847FE9F39}.CoreCLR_Debug|Windows.Deploy.0 = CoreCLR_Debug|Any CPU
		{BDDD6C01-7873-4066-BC52-3E5847FE9F39}.CoreCLR_Release|Any CPU.ActiveCfg = CoreCLR_Release|Any CPU
		{BDDD6C01-7873-4066-BC52-3E5847FE9F39}.CoreCLR_Release|Any CPU.Build.0 = CoreCLR_Release|Any CPU
		{BDDD6C01-7873-4066-BC52-3E5847FE9F39}.CoreCLR_Release|Any CPU.Deploy.0 = CoreCLR_Release|Any CPU
		{BDDD6C01-7873-4066-BC52-3E5847FE9F39}.CoreCLR_Release|Mixed Platforms.ActiveCfg = CoreCLR_Release|Any CPU
		{BDDD6C01-7873-4066-BC52-3E5847FE9F39}.CoreCLR_Release|Mixed Platforms.Build.0 = CoreCLR_Release|Any CPU
		{BDDD6C01-7873-4066-BC52-3E5847FE9F39}.CoreCLR_Release|Mixed Platforms.Deploy.0 = CoreCLR_Release|Any CPU
		{BDDD6C01-7873-4066-BC52-3E5847FE9F39}.CoreCLR_Release|Windows.ActiveCfg = CoreCLR_Release|Any CPU
		{BDDD6C01-7873-4066-BC52-3E5847FE9F39}.CoreCLR_Release|Windows.Build.0 = CoreCLR_Release|Any CPU
		{BDDD6C01-7873-4066-BC52-3E5847FE9F39}.CoreCLR_Release|Windows.Deploy.0 = CoreCLR_Release|Any CPU
		{BDDD6C01-7873-4066-BC52-3E5847FE9F39}.Debug|Any CPU.ActiveCfg = Debug|Any CPU
		{BDDD6C01-7873-4066-BC52-3E5847FE9F39}.Debug|Any CPU.Build.0 = Debug|Any CPU
		{BDDD6C01-7873-4066-BC52-3E5847FE9F39}.Debug|Any CPU.Deploy.0 = Debug|Any CPU
		{BDDD6C01-7873-4066-BC52-3E5847FE9F39}.Debug|Mixed Platforms.ActiveCfg = Debug|Any CPU
		{BDDD6C01-7873-4066-BC52-3E5847FE9F39}.Debug|Mixed Platforms.Build.0 = Debug|Any CPU
		{BDDD6C01-7873-4066-BC52-3E5847FE9F39}.Debug|Mixed Platforms.Deploy.0 = Debug|Any CPU
		{BDDD6C01-7873-4066-BC52-3E5847FE9F39}.Debug|Windows.ActiveCfg = Debug|Any CPU
		{BDDD6C01-7873-4066-BC52-3E5847FE9F39}.Debug|Windows.Build.0 = Debug|Any CPU
		{BDDD6C01-7873-4066-BC52-3E5847FE9F39}.Debug|Windows.Deploy.0 = Debug|Any CPU
		{BDDD6C01-7873-4066-BC52-3E5847FE9F39}.Release|Any CPU.ActiveCfg = Release|Any CPU
		{BDDD6C01-7873-4066-BC52-3E5847FE9F39}.Release|Any CPU.Build.0 = Release|Any CPU
		{BDDD6C01-7873-4066-BC52-3E5847FE9F39}.Release|Any CPU.Deploy.0 = Release|Any CPU
		{BDDD6C01-7873-4066-BC52-3E5847FE9F39}.Release|Mixed Platforms.ActiveCfg = Release|Any CPU
		{BDDD6C01-7873-4066-BC52-3E5847FE9F39}.Release|Mixed Platforms.Build.0 = Release|Any CPU
		{BDDD6C01-7873-4066-BC52-3E5847FE9F39}.Release|Mixed Platforms.Deploy.0 = Release|Any CPU
		{BDDD6C01-7873-4066-BC52-3E5847FE9F39}.Release|Windows.ActiveCfg = Release|Any CPU
		{BDDD6C01-7873-4066-BC52-3E5847FE9F39}.Release|Windows.Build.0 = Release|Any CPU
		{BDDD6C01-7873-4066-BC52-3E5847FE9F39}.Release|Windows.Deploy.0 = Release|Any CPU
		{BDDD6C01-7873-4066-BC52-3E5847FE9F39}.Testing|Any CPU.ActiveCfg = Testing|Any CPU
		{BDDD6C01-7873-4066-BC52-3E5847FE9F39}.Testing|Any CPU.Build.0 = Testing|Any CPU
		{BDDD6C01-7873-4066-BC52-3E5847FE9F39}.Testing|Any CPU.Deploy.0 = Testing|Any CPU
		{BDDD6C01-7873-4066-BC52-3E5847FE9F39}.Testing|Mixed Platforms.ActiveCfg = Testing|Any CPU
		{BDDD6C01-7873-4066-BC52-3E5847FE9F39}.Testing|Mixed Platforms.Build.0 = Testing|Any CPU
		{BDDD6C01-7873-4066-BC52-3E5847FE9F39}.Testing|Mixed Platforms.Deploy.0 = Testing|Any CPU
		{BDDD6C01-7873-4066-BC52-3E5847FE9F39}.Testing|Windows.ActiveCfg = Testing|Any CPU
		{BDDD6C01-7873-4066-BC52-3E5847FE9F39}.Testing|Windows.Build.0 = Testing|Any CPU
		{BDDD6C01-7873-4066-BC52-3E5847FE9F39}.Testing|Windows.Deploy.0 = Testing|Any CPU
		{C821E6B2-04B2-4983-8348-7AC37B23C5E1}.AppStore|Any CPU.ActiveCfg = AppStore|Any CPU
		{C821E6B2-04B2-4983-8348-7AC37B23C5E1}.AppStore|Any CPU.Build.0 = AppStore|Any CPU
		{C821E6B2-04B2-4983-8348-7AC37B23C5E1}.AppStore|Mixed Platforms.ActiveCfg = AppStore|Any CPU
		{C821E6B2-04B2-4983-8348-7AC37B23C5E1}.AppStore|Mixed Platforms.Build.0 = AppStore|Any CPU
		{C821E6B2-04B2-4983-8348-7AC37B23C5E1}.AppStore|Windows.ActiveCfg = AppStore|Any CPU
		{C821E6B2-04B2-4983-8348-7AC37B23C5E1}.AppStore|Windows.Build.0 = AppStore|Any CPU
		{C821E6B2-04B2-4983-8348-7AC37B23C5E1}.CoreCLR_Debug|Any CPU.ActiveCfg = CoreCLR_Debug|Any CPU
		{C821E6B2-04B2-4983-8348-7AC37B23C5E1}.CoreCLR_Debug|Any CPU.Build.0 = CoreCLR_Debug|Any CPU
		{C821E6B2-04B2-4983-8348-7AC37B23C5E1}.CoreCLR_Debug|Mixed Platforms.ActiveCfg = CoreCLR_Debug|Any CPU
		{C821E6B2-04B2-4983-8348-7AC37B23C5E1}.CoreCLR_Debug|Mixed Platforms.Build.0 = CoreCLR_Debug|Any CPU
		{C821E6B2-04B2-4983-8348-7AC37B23C5E1}.CoreCLR_Debug|Windows.ActiveCfg = CoreCLR_Debug|Any CPU
		{C821E6B2-04B2-4983-8348-7AC37B23C5E1}.CoreCLR_Debug|Windows.Build.0 = CoreCLR_Debug|Any CPU
		{C821E6B2-04B2-4983-8348-7AC37B23C5E1}.CoreCLR_Release|Any CPU.ActiveCfg = CoreCLR_Release|Any CPU
		{C821E6B2-04B2-4983-8348-7AC37B23C5E1}.CoreCLR_Release|Any CPU.Build.0 = CoreCLR_Release|Any CPU
		{C821E6B2-04B2-4983-8348-7AC37B23C5E1}.CoreCLR_Release|Mixed Platforms.ActiveCfg = CoreCLR_Release|Any CPU
		{C821E6B2-04B2-4983-8348-7AC37B23C5E1}.CoreCLR_Release|Mixed Platforms.Build.0 = CoreCLR_Release|Any CPU
		{C821E6B2-04B2-4983-8348-7AC37B23C5E1}.CoreCLR_Release|Windows.ActiveCfg = CoreCLR_Release|Any CPU
		{C821E6B2-04B2-4983-8348-7AC37B23C5E1}.CoreCLR_Release|Windows.Build.0 = CoreCLR_Release|Any CPU
		{C821E6B2-04B2-4983-8348-7AC37B23C5E1}.Debug|Any CPU.ActiveCfg = Debug|Any CPU
		{C821E6B2-04B2-4983-8348-7AC37B23C5E1}.Debug|Any CPU.Build.0 = Debug|Any CPU
		{C821E6B2-04B2-4983-8348-7AC37B23C5E1}.Debug|Mixed Platforms.ActiveCfg = Debug|Any CPU
		{C821E6B2-04B2-4983-8348-7AC37B23C5E1}.Debug|Mixed Platforms.Build.0 = Debug|Any CPU
		{C821E6B2-04B2-4983-8348-7AC37B23C5E1}.Debug|Windows.ActiveCfg = Debug|Any CPU
		{C821E6B2-04B2-4983-8348-7AC37B23C5E1}.Debug|Windows.Build.0 = Debug|Any CPU
		{C821E6B2-04B2-4983-8348-7AC37B23C5E1}.Release|Any CPU.ActiveCfg = Release|Any CPU
		{C821E6B2-04B2-4983-8348-7AC37B23C5E1}.Release|Any CPU.Build.0 = Release|Any CPU
		{C821E6B2-04B2-4983-8348-7AC37B23C5E1}.Release|Mixed Platforms.ActiveCfg = Release|Any CPU
		{C821E6B2-04B2-4983-8348-7AC37B23C5E1}.Release|Mixed Platforms.Build.0 = Release|Any CPU
		{C821E6B2-04B2-4983-8348-7AC37B23C5E1}.Release|Windows.ActiveCfg = Release|Any CPU
		{C821E6B2-04B2-4983-8348-7AC37B23C5E1}.Release|Windows.Build.0 = Release|Any CPU
		{C821E6B2-04B2-4983-8348-7AC37B23C5E1}.Testing|Any CPU.ActiveCfg = Testing|Any CPU
		{C821E6B2-04B2-4983-8348-7AC37B23C5E1}.Testing|Any CPU.Build.0 = Testing|Any CPU
		{C821E6B2-04B2-4983-8348-7AC37B23C5E1}.Testing|Mixed Platforms.ActiveCfg = Testing|Any CPU
		{C821E6B2-04B2-4983-8348-7AC37B23C5E1}.Testing|Mixed Platforms.Build.0 = Testing|Any CPU
		{C821E6B2-04B2-4983-8348-7AC37B23C5E1}.Testing|Windows.ActiveCfg = Testing|Any CPU
		{C821E6B2-04B2-4983-8348-7AC37B23C5E1}.Testing|Windows.Build.0 = Testing|Any CPU
		{1604F9FD-44E3-446B-A0C1-5C553E68CA85}.AppStore|Any CPU.ActiveCfg = AppStore|Any CPU
		{1604F9FD-44E3-446B-A0C1-5C553E68CA85}.AppStore|Any CPU.Build.0 = AppStore|Any CPU
		{1604F9FD-44E3-446B-A0C1-5C553E68CA85}.AppStore|Any CPU.Deploy.0 = AppStore|Any CPU
		{1604F9FD-44E3-446B-A0C1-5C553E68CA85}.AppStore|Mixed Platforms.ActiveCfg = AppStore|Any CPU
		{1604F9FD-44E3-446B-A0C1-5C553E68CA85}.AppStore|Mixed Platforms.Build.0 = AppStore|Any CPU
		{1604F9FD-44E3-446B-A0C1-5C553E68CA85}.AppStore|Mixed Platforms.Deploy.0 = AppStore|Any CPU
		{1604F9FD-44E3-446B-A0C1-5C553E68CA85}.AppStore|Windows.ActiveCfg = AppStore|Any CPU
		{1604F9FD-44E3-446B-A0C1-5C553E68CA85}.AppStore|Windows.Build.0 = AppStore|Any CPU
		{1604F9FD-44E3-446B-A0C1-5C553E68CA85}.AppStore|Windows.Deploy.0 = AppStore|Any CPU
		{1604F9FD-44E3-446B-A0C1-5C553E68CA85}.CoreCLR_Debug|Any CPU.ActiveCfg = CoreCLR_Debug|Any CPU
		{1604F9FD-44E3-446B-A0C1-5C553E68CA85}.CoreCLR_Debug|Any CPU.Build.0 = CoreCLR_Debug|Any CPU
		{1604F9FD-44E3-446B-A0C1-5C553E68CA85}.CoreCLR_Debug|Any CPU.Deploy.0 = CoreCLR_Debug|Any CPU
		{1604F9FD-44E3-446B-A0C1-5C553E68CA85}.CoreCLR_Debug|Mixed Platforms.ActiveCfg = CoreCLR_Debug|Any CPU
		{1604F9FD-44E3-446B-A0C1-5C553E68CA85}.CoreCLR_Debug|Mixed Platforms.Build.0 = CoreCLR_Debug|Any CPU
		{1604F9FD-44E3-446B-A0C1-5C553E68CA85}.CoreCLR_Debug|Mixed Platforms.Deploy.0 = CoreCLR_Debug|Any CPU
		{1604F9FD-44E3-446B-A0C1-5C553E68CA85}.CoreCLR_Debug|Windows.ActiveCfg = CoreCLR_Debug|Any CPU
		{1604F9FD-44E3-446B-A0C1-5C553E68CA85}.CoreCLR_Debug|Windows.Build.0 = CoreCLR_Debug|Any CPU
		{1604F9FD-44E3-446B-A0C1-5C553E68CA85}.CoreCLR_Debug|Windows.Deploy.0 = CoreCLR_Debug|Any CPU
		{1604F9FD-44E3-446B-A0C1-5C553E68CA85}.CoreCLR_Release|Any CPU.ActiveCfg = CoreCLR_Release|Any CPU
		{1604F9FD-44E3-446B-A0C1-5C553E68CA85}.CoreCLR_Release|Any CPU.Build.0 = CoreCLR_Release|Any CPU
		{1604F9FD-44E3-446B-A0C1-5C553E68CA85}.CoreCLR_Release|Any CPU.Deploy.0 = CoreCLR_Release|Any CPU
		{1604F9FD-44E3-446B-A0C1-5C553E68CA85}.CoreCLR_Release|Mixed Platforms.ActiveCfg = CoreCLR_Release|Any CPU
		{1604F9FD-44E3-446B-A0C1-5C553E68CA85}.CoreCLR_Release|Mixed Platforms.Build.0 = CoreCLR_Release|Any CPU
		{1604F9FD-44E3-446B-A0C1-5C553E68CA85}.CoreCLR_Release|Mixed Platforms.Deploy.0 = CoreCLR_Release|Any CPU
		{1604F9FD-44E3-446B-A0C1-5C553E68CA85}.CoreCLR_Release|Windows.ActiveCfg = CoreCLR_Release|Any CPU
		{1604F9FD-44E3-446B-A0C1-5C553E68CA85}.CoreCLR_Release|Windows.Build.0 = CoreCLR_Release|Any CPU
		{1604F9FD-44E3-446B-A0C1-5C553E68CA85}.CoreCLR_Release|Windows.Deploy.0 = CoreCLR_Release|Any CPU
		{1604F9FD-44E3-446B-A0C1-5C553E68CA85}.Debug|Any CPU.ActiveCfg = Debug|Any CPU
		{1604F9FD-44E3-446B-A0C1-5C553E68CA85}.Debug|Any CPU.Build.0 = Debug|Any CPU
		{1604F9FD-44E3-446B-A0C1-5C553E68CA85}.Debug|Any CPU.Deploy.0 = Debug|Any CPU
		{1604F9FD-44E3-446B-A0C1-5C553E68CA85}.Debug|Mixed Platforms.ActiveCfg = Debug|Any CPU
		{1604F9FD-44E3-446B-A0C1-5C553E68CA85}.Debug|Mixed Platforms.Build.0 = Debug|Any CPU
		{1604F9FD-44E3-446B-A0C1-5C553E68CA85}.Debug|Mixed Platforms.Deploy.0 = Debug|Any CPU
		{1604F9FD-44E3-446B-A0C1-5C553E68CA85}.Debug|Windows.ActiveCfg = Debug|Any CPU
		{1604F9FD-44E3-446B-A0C1-5C553E68CA85}.Debug|Windows.Build.0 = Debug|Any CPU
		{1604F9FD-44E3-446B-A0C1-5C553E68CA85}.Debug|Windows.Deploy.0 = Debug|Any CPU
		{1604F9FD-44E3-446B-A0C1-5C553E68CA85}.Release|Any CPU.ActiveCfg = Release|Any CPU
		{1604F9FD-44E3-446B-A0C1-5C553E68CA85}.Release|Any CPU.Build.0 = Release|Any CPU
		{1604F9FD-44E3-446B-A0C1-5C553E68CA85}.Release|Any CPU.Deploy.0 = Release|Any CPU
		{1604F9FD-44E3-446B-A0C1-5C553E68CA85}.Release|Mixed Platforms.ActiveCfg = Release|Any CPU
		{1604F9FD-44E3-446B-A0C1-5C553E68CA85}.Release|Mixed Platforms.Build.0 = Release|Any CPU
		{1604F9FD-44E3-446B-A0C1-5C553E68CA85}.Release|Mixed Platforms.Deploy.0 = Release|Any CPU
		{1604F9FD-44E3-446B-A0C1-5C553E68CA85}.Release|Windows.ActiveCfg = Release|Any CPU
		{1604F9FD-44E3-446B-A0C1-5C553E68CA85}.Release|Windows.Build.0 = Release|Any CPU
		{1604F9FD-44E3-446B-A0C1-5C553E68CA85}.Release|Windows.Deploy.0 = Release|Any CPU
		{1604F9FD-44E3-446B-A0C1-5C553E68CA85}.Testing|Any CPU.ActiveCfg = Testing|Any CPU
		{1604F9FD-44E3-446B-A0C1-5C553E68CA85}.Testing|Any CPU.Build.0 = Testing|Any CPU
		{1604F9FD-44E3-446B-A0C1-5C553E68CA85}.Testing|Any CPU.Deploy.0 = Testing|Any CPU
		{1604F9FD-44E3-446B-A0C1-5C553E68CA85}.Testing|Mixed Platforms.ActiveCfg = Testing|Any CPU
		{1604F9FD-44E3-446B-A0C1-5C553E68CA85}.Testing|Mixed Platforms.Build.0 = Testing|Any CPU
		{1604F9FD-44E3-446B-A0C1-5C553E68CA85}.Testing|Mixed Platforms.Deploy.0 = Testing|Any CPU
		{1604F9FD-44E3-446B-A0C1-5C553E68CA85}.Testing|Windows.ActiveCfg = Testing|Any CPU
		{1604F9FD-44E3-446B-A0C1-5C553E68CA85}.Testing|Windows.Build.0 = Testing|Any CPU
		{1604F9FD-44E3-446B-A0C1-5C553E68CA85}.Testing|Windows.Deploy.0 = Testing|Any CPU
		{BB21DD24-5EFA-45E4-BD18-AEBC05EB889B}.AppStore|Any CPU.ActiveCfg = AppStore|Any CPU
		{BB21DD24-5EFA-45E4-BD18-AEBC05EB889B}.AppStore|Any CPU.Build.0 = AppStore|Any CPU
		{BB21DD24-5EFA-45E4-BD18-AEBC05EB889B}.AppStore|Mixed Platforms.ActiveCfg = AppStore|Any CPU
		{BB21DD24-5EFA-45E4-BD18-AEBC05EB889B}.AppStore|Mixed Platforms.Build.0 = AppStore|Any CPU
		{BB21DD24-5EFA-45E4-BD18-AEBC05EB889B}.AppStore|Windows.ActiveCfg = AppStore|Any CPU
		{BB21DD24-5EFA-45E4-BD18-AEBC05EB889B}.AppStore|Windows.Build.0 = AppStore|Any CPU
		{BB21DD24-5EFA-45E4-BD18-AEBC05EB889B}.CoreCLR_Debug|Any CPU.ActiveCfg = CoreCLR_Debug|Any CPU
		{BB21DD24-5EFA-45E4-BD18-AEBC05EB889B}.CoreCLR_Debug|Any CPU.Build.0 = CoreCLR_Debug|Any CPU
		{BB21DD24-5EFA-45E4-BD18-AEBC05EB889B}.CoreCLR_Debug|Mixed Platforms.ActiveCfg = CoreCLR_Debug|Any CPU
		{BB21DD24-5EFA-45E4-BD18-AEBC05EB889B}.CoreCLR_Debug|Mixed Platforms.Build.0 = CoreCLR_Debug|Any CPU
		{BB21DD24-5EFA-45E4-BD18-AEBC05EB889B}.CoreCLR_Debug|Windows.ActiveCfg = CoreCLR_Debug|Any CPU
		{BB21DD24-5EFA-45E4-BD18-AEBC05EB889B}.CoreCLR_Debug|Windows.Build.0 = CoreCLR_Debug|Any CPU
		{BB21DD24-5EFA-45E4-BD18-AEBC05EB889B}.CoreCLR_Release|Any CPU.ActiveCfg = CoreCLR_Release|Any CPU
		{BB21DD24-5EFA-45E4-BD18-AEBC05EB889B}.CoreCLR_Release|Any CPU.Build.0 = CoreCLR_Release|Any CPU
		{BB21DD24-5EFA-45E4-BD18-AEBC05EB889B}.CoreCLR_Release|Mixed Platforms.ActiveCfg = CoreCLR_Release|Any CPU
		{BB21DD24-5EFA-45E4-BD18-AEBC05EB889B}.CoreCLR_Release|Mixed Platforms.Build.0 = CoreCLR_Release|Any CPU
		{BB21DD24-5EFA-45E4-BD18-AEBC05EB889B}.CoreCLR_Release|Windows.ActiveCfg = CoreCLR_Release|Any CPU
		{BB21DD24-5EFA-45E4-BD18-AEBC05EB889B}.CoreCLR_Release|Windows.Build.0 = CoreCLR_Release|Any CPU
		{BB21DD24-5EFA-45E4-BD18-AEBC05EB889B}.Debug|Any CPU.ActiveCfg = Debug|Any CPU
		{BB21DD24-5EFA-45E4-BD18-AEBC05EB889B}.Debug|Any CPU.Build.0 = Debug|Any CPU
		{BB21DD24-5EFA-45E4-BD18-AEBC05EB889B}.Debug|Mixed Platforms.ActiveCfg = Debug|Any CPU
		{BB21DD24-5EFA-45E4-BD18-AEBC05EB889B}.Debug|Mixed Platforms.Build.0 = Debug|Any CPU
		{BB21DD24-5EFA-45E4-BD18-AEBC05EB889B}.Debug|Windows.ActiveCfg = Debug|Any CPU
		{BB21DD24-5EFA-45E4-BD18-AEBC05EB889B}.Debug|Windows.Build.0 = Debug|Any CPU
		{BB21DD24-5EFA-45E4-BD18-AEBC05EB889B}.Release|Any CPU.ActiveCfg = Release|Any CPU
		{BB21DD24-5EFA-45E4-BD18-AEBC05EB889B}.Release|Any CPU.Build.0 = Release|Any CPU
		{BB21DD24-5EFA-45E4-BD18-AEBC05EB889B}.Release|Mixed Platforms.ActiveCfg = Release|Any CPU
		{BB21DD24-5EFA-45E4-BD18-AEBC05EB889B}.Release|Mixed Platforms.Build.0 = Release|Any CPU
		{BB21DD24-5EFA-45E4-BD18-AEBC05EB889B}.Release|Windows.ActiveCfg = Release|Any CPU
		{BB21DD24-5EFA-45E4-BD18-AEBC05EB889B}.Release|Windows.Build.0 = Release|Any CPU
		{BB21DD24-5EFA-45E4-BD18-AEBC05EB889B}.Testing|Any CPU.ActiveCfg = Testing|Any CPU
		{BB21DD24-5EFA-45E4-BD18-AEBC05EB889B}.Testing|Any CPU.Build.0 = Testing|Any CPU
		{BB21DD24-5EFA-45E4-BD18-AEBC05EB889B}.Testing|Mixed Platforms.ActiveCfg = Testing|Any CPU
		{BB21DD24-5EFA-45E4-BD18-AEBC05EB889B}.Testing|Mixed Platforms.Build.0 = Testing|Any CPU
		{BB21DD24-5EFA-45E4-BD18-AEBC05EB889B}.Testing|Windows.ActiveCfg = Testing|Any CPU
		{BB21DD24-5EFA-45E4-BD18-AEBC05EB889B}.Testing|Windows.Build.0 = Testing|Any CPU
		{0E2EE5ED-C92B-4B2B-B0A8-770DD1669021}.AppStore|Any CPU.ActiveCfg = AppStore|Any CPU
		{0E2EE5ED-C92B-4B2B-B0A8-770DD1669021}.AppStore|Any CPU.Build.0 = AppStore|Any CPU
		{0E2EE5ED-C92B-4B2B-B0A8-770DD1669021}.AppStore|Any CPU.Deploy.0 = AppStore|Any CPU
		{0E2EE5ED-C92B-4B2B-B0A8-770DD1669021}.AppStore|Mixed Platforms.ActiveCfg = AppStore|Any CPU
		{0E2EE5ED-C92B-4B2B-B0A8-770DD1669021}.AppStore|Mixed Platforms.Build.0 = AppStore|Any CPU
		{0E2EE5ED-C92B-4B2B-B0A8-770DD1669021}.AppStore|Mixed Platforms.Deploy.0 = AppStore|Any CPU
		{0E2EE5ED-C92B-4B2B-B0A8-770DD1669021}.AppStore|Windows.ActiveCfg = AppStore|Any CPU
		{0E2EE5ED-C92B-4B2B-B0A8-770DD1669021}.AppStore|Windows.Build.0 = AppStore|Any CPU
		{0E2EE5ED-C92B-4B2B-B0A8-770DD1669021}.AppStore|Windows.Deploy.0 = AppStore|Any CPU
		{0E2EE5ED-C92B-4B2B-B0A8-770DD1669021}.CoreCLR_Debug|Any CPU.ActiveCfg = CoreCLR_Debug|Any CPU
		{0E2EE5ED-C92B-4B2B-B0A8-770DD1669021}.CoreCLR_Debug|Any CPU.Build.0 = CoreCLR_Debug|Any CPU
		{0E2EE5ED-C92B-4B2B-B0A8-770DD1669021}.CoreCLR_Debug|Any CPU.Deploy.0 = CoreCLR_Debug|Any CPU
		{0E2EE5ED-C92B-4B2B-B0A8-770DD1669021}.CoreCLR_Debug|Mixed Platforms.ActiveCfg = CoreCLR_Debug|Any CPU
		{0E2EE5ED-C92B-4B2B-B0A8-770DD1669021}.CoreCLR_Debug|Mixed Platforms.Build.0 = CoreCLR_Debug|Any CPU
		{0E2EE5ED-C92B-4B2B-B0A8-770DD1669021}.CoreCLR_Debug|Mixed Platforms.Deploy.0 = CoreCLR_Debug|Any CPU
		{0E2EE5ED-C92B-4B2B-B0A8-770DD1669021}.CoreCLR_Debug|Windows.ActiveCfg = CoreCLR_Debug|Any CPU
		{0E2EE5ED-C92B-4B2B-B0A8-770DD1669021}.CoreCLR_Debug|Windows.Build.0 = CoreCLR_Debug|Any CPU
		{0E2EE5ED-C92B-4B2B-B0A8-770DD1669021}.CoreCLR_Debug|Windows.Deploy.0 = CoreCLR_Debug|Any CPU
		{0E2EE5ED-C92B-4B2B-B0A8-770DD1669021}.CoreCLR_Release|Any CPU.ActiveCfg = CoreCLR_Release|Any CPU
		{0E2EE5ED-C92B-4B2B-B0A8-770DD1669021}.CoreCLR_Release|Any CPU.Build.0 = CoreCLR_Release|Any CPU
		{0E2EE5ED-C92B-4B2B-B0A8-770DD1669021}.CoreCLR_Release|Any CPU.Deploy.0 = CoreCLR_Release|Any CPU
		{0E2EE5ED-C92B-4B2B-B0A8-770DD1669021}.CoreCLR_Release|Mixed Platforms.ActiveCfg = CoreCLR_Release|Any CPU
		{0E2EE5ED-C92B-4B2B-B0A8-770DD1669021}.CoreCLR_Release|Mixed Platforms.Build.0 = CoreCLR_Release|Any CPU
		{0E2EE5ED-C92B-4B2B-B0A8-770DD1669021}.CoreCLR_Release|Mixed Platforms.Deploy.0 = CoreCLR_Release|Any CPU
		{0E2EE5ED-C92B-4B2B-B0A8-770DD1669021}.CoreCLR_Release|Windows.ActiveCfg = CoreCLR_Release|Any CPU
		{0E2EE5ED-C92B-4B2B-B0A8-770DD1669021}.CoreCLR_Release|Windows.Build.0 = CoreCLR_Release|Any CPU
		{0E2EE5ED-C92B-4B2B-B0A8-770DD1669021}.CoreCLR_Release|Windows.Deploy.0 = CoreCLR_Release|Any CPU
		{0E2EE5ED-C92B-4B2B-B0A8-770DD1669021}.Debug|Any CPU.ActiveCfg = Debug|Any CPU
		{0E2EE5ED-C92B-4B2B-B0A8-770DD1669021}.Debug|Any CPU.Build.0 = Debug|Any CPU
		{0E2EE5ED-C92B-4B2B-B0A8-770DD1669021}.Debug|Any CPU.Deploy.0 = Debug|Any CPU
		{0E2EE5ED-C92B-4B2B-B0A8-770DD1669021}.Debug|Mixed Platforms.ActiveCfg = Debug|Any CPU
		{0E2EE5ED-C92B-4B2B-B0A8-770DD1669021}.Debug|Mixed Platforms.Build.0 = Debug|Any CPU
		{0E2EE5ED-C92B-4B2B-B0A8-770DD1669021}.Debug|Mixed Platforms.Deploy.0 = Debug|Any CPU
		{0E2EE5ED-C92B-4B2B-B0A8-770DD1669021}.Debug|Windows.ActiveCfg = Debug|Any CPU
		{0E2EE5ED-C92B-4B2B-B0A8-770DD1669021}.Debug|Windows.Build.0 = Debug|Any CPU
		{0E2EE5ED-C92B-4B2B-B0A8-770DD1669021}.Debug|Windows.Deploy.0 = Debug|Any CPU
		{0E2EE5ED-C92B-4B2B-B0A8-770DD1669021}.Release|Any CPU.ActiveCfg = Release|Any CPU
		{0E2EE5ED-C92B-4B2B-B0A8-770DD1669021}.Release|Any CPU.Build.0 = Release|Any CPU
		{0E2EE5ED-C92B-4B2B-B0A8-770DD1669021}.Release|Any CPU.Deploy.0 = Release|Any CPU
		{0E2EE5ED-C92B-4B2B-B0A8-770DD1669021}.Release|Mixed Platforms.ActiveCfg = Release|Any CPU
		{0E2EE5ED-C92B-4B2B-B0A8-770DD1669021}.Release|Mixed Platforms.Build.0 = Release|Any CPU
		{0E2EE5ED-C92B-4B2B-B0A8-770DD1669021}.Release|Mixed Platforms.Deploy.0 = Release|Any CPU
		{0E2EE5ED-C92B-4B2B-B0A8-770DD1669021}.Release|Windows.ActiveCfg = Release|Any CPU
		{0E2EE5ED-C92B-4B2B-B0A8-770DD1669021}.Release|Windows.Build.0 = Release|Any CPU
		{0E2EE5ED-C92B-4B2B-B0A8-770DD1669021}.Release|Windows.Deploy.0 = Release|Any CPU
		{0E2EE5ED-C92B-4B2B-B0A8-770DD1669021}.Testing|Any CPU.ActiveCfg = Testing|Any CPU
		{0E2EE5ED-C92B-4B2B-B0A8-770DD1669021}.Testing|Any CPU.Build.0 = Testing|Any CPU
		{0E2EE5ED-C92B-4B2B-B0A8-770DD1669021}.Testing|Any CPU.Deploy.0 = Testing|Any CPU
		{0E2EE5ED-C92B-4B2B-B0A8-770DD1669021}.Testing|Mixed Platforms.ActiveCfg = Testing|Any CPU
		{0E2EE5ED-C92B-4B2B-B0A8-770DD1669021}.Testing|Mixed Platforms.Build.0 = Testing|Any CPU
		{0E2EE5ED-C92B-4B2B-B0A8-770DD1669021}.Testing|Mixed Platforms.Deploy.0 = Testing|Any CPU
		{0E2EE5ED-C92B-4B2B-B0A8-770DD1669021}.Testing|Windows.ActiveCfg = Testing|Any CPU
		{0E2EE5ED-C92B-4B2B-B0A8-770DD1669021}.Testing|Windows.Build.0 = Testing|Any CPU
		{0E2EE5ED-C92B-4B2B-B0A8-770DD1669021}.Testing|Windows.Deploy.0 = Testing|Any CPU
		{F97F7249-84F1-408F-A5B4-B5E9CBEE9DE1}.AppStore|Any CPU.ActiveCfg = AppStore|Any CPU
		{F97F7249-84F1-408F-A5B4-B5E9CBEE9DE1}.AppStore|Any CPU.Build.0 = AppStore|Any CPU
		{F97F7249-84F1-408F-A5B4-B5E9CBEE9DE1}.AppStore|Mixed Platforms.ActiveCfg = AppStore|Any CPU
		{F97F7249-84F1-408F-A5B4-B5E9CBEE9DE1}.AppStore|Mixed Platforms.Build.0 = AppStore|Any CPU
		{F97F7249-84F1-408F-A5B4-B5E9CBEE9DE1}.AppStore|Windows.ActiveCfg = AppStore|Any CPU
		{F97F7249-84F1-408F-A5B4-B5E9CBEE9DE1}.AppStore|Windows.Build.0 = AppStore|Any CPU
		{F97F7249-84F1-408F-A5B4-B5E9CBEE9DE1}.CoreCLR_Debug|Any CPU.ActiveCfg = CoreCLR_Debug|Any CPU
		{F97F7249-84F1-408F-A5B4-B5E9CBEE9DE1}.CoreCLR_Debug|Any CPU.Build.0 = CoreCLR_Debug|Any CPU
		{F97F7249-84F1-408F-A5B4-B5E9CBEE9DE1}.CoreCLR_Debug|Mixed Platforms.ActiveCfg = CoreCLR_Debug|Any CPU
		{F97F7249-84F1-408F-A5B4-B5E9CBEE9DE1}.CoreCLR_Debug|Mixed Platforms.Build.0 = CoreCLR_Debug|Any CPU
		{F97F7249-84F1-408F-A5B4-B5E9CBEE9DE1}.CoreCLR_Debug|Windows.ActiveCfg = CoreCLR_Debug|Any CPU
		{F97F7249-84F1-408F-A5B4-B5E9CBEE9DE1}.CoreCLR_Debug|Windows.Build.0 = CoreCLR_Debug|Any CPU
		{F97F7249-84F1-408F-A5B4-B5E9CBEE9DE1}.CoreCLR_Release|Any CPU.ActiveCfg = CoreCLR_Release|Any CPU
		{F97F7249-84F1-408F-A5B4-B5E9CBEE9DE1}.CoreCLR_Release|Any CPU.Build.0 = CoreCLR_Release|Any CPU
		{F97F7249-84F1-408F-A5B4-B5E9CBEE9DE1}.CoreCLR_Release|Mixed Platforms.ActiveCfg = CoreCLR_Release|Any CPU
		{F97F7249-84F1-408F-A5B4-B5E9CBEE9DE1}.CoreCLR_Release|Mixed Platforms.Build.0 = CoreCLR_Release|Any CPU
		{F97F7249-84F1-408F-A5B4-B5E9CBEE9DE1}.CoreCLR_Release|Windows.ActiveCfg = CoreCLR_Release|Any CPU
		{F97F7249-84F1-408F-A5B4-B5E9CBEE9DE1}.CoreCLR_Release|Windows.Build.0 = CoreCLR_Release|Any CPU
		{F97F7249-84F1-408F-A5B4-B5E9CBEE9DE1}.Debug|Any CPU.ActiveCfg = Debug|Any CPU
		{F97F7249-84F1-408F-A5B4-B5E9CBEE9DE1}.Debug|Any CPU.Build.0 = Debug|Any CPU
		{F97F7249-84F1-408F-A5B4-B5E9CBEE9DE1}.Debug|Mixed Platforms.ActiveCfg = Debug|Any CPU
		{F97F7249-84F1-408F-A5B4-B5E9CBEE9DE1}.Debug|Mixed Platforms.Build.0 = Debug|Any CPU
		{F97F7249-84F1-408F-A5B4-B5E9CBEE9DE1}.Debug|Windows.ActiveCfg = Debug|Any CPU
		{F97F7249-84F1-408F-A5B4-B5E9CBEE9DE1}.Debug|Windows.Build.0 = Debug|Any CPU
		{F97F7249-84F1-408F-A5B4-B5E9CBEE9DE1}.Release|Any CPU.ActiveCfg = Release|Any CPU
		{F97F7249-84F1-408F-A5B4-B5E9CBEE9DE1}.Release|Any CPU.Build.0 = Release|Any CPU
		{F97F7249-84F1-408F-A5B4-B5E9CBEE9DE1}.Release|Mixed Platforms.ActiveCfg = Release|Any CPU
		{F97F7249-84F1-408F-A5B4-B5E9CBEE9DE1}.Release|Mixed Platforms.Build.0 = Release|Any CPU
		{F97F7249-84F1-408F-A5B4-B5E9CBEE9DE1}.Release|Windows.ActiveCfg = Release|Any CPU
		{F97F7249-84F1-408F-A5B4-B5E9CBEE9DE1}.Release|Windows.Build.0 = Release|Any CPU
		{F97F7249-84F1-408F-A5B4-B5E9CBEE9DE1}.Testing|Any CPU.ActiveCfg = Testing|Any CPU
		{F97F7249-84F1-408F-A5B4-B5E9CBEE9DE1}.Testing|Any CPU.Build.0 = Testing|Any CPU
		{F97F7249-84F1-408F-A5B4-B5E9CBEE9DE1}.Testing|Mixed Platforms.ActiveCfg = Testing|Any CPU
		{F97F7249-84F1-408F-A5B4-B5E9CBEE9DE1}.Testing|Mixed Platforms.Build.0 = Testing|Any CPU
		{F97F7249-84F1-408F-A5B4-B5E9CBEE9DE1}.Testing|Windows.ActiveCfg = Testing|Any CPU
		{F97F7249-84F1-408F-A5B4-B5E9CBEE9DE1}.Testing|Windows.Build.0 = Testing|Any CPU
		{37AA2C2B-32E5-4A63-A423-408817F7A2DD}.AppStore|Any CPU.ActiveCfg = AppStore|Any CPU
		{37AA2C2B-32E5-4A63-A423-408817F7A2DD}.AppStore|Any CPU.Build.0 = AppStore|Any CPU
		{37AA2C2B-32E5-4A63-A423-408817F7A2DD}.AppStore|Any CPU.Deploy.0 = AppStore|Any CPU
		{37AA2C2B-32E5-4A63-A423-408817F7A2DD}.AppStore|Mixed Platforms.ActiveCfg = AppStore|Any CPU
		{37AA2C2B-32E5-4A63-A423-408817F7A2DD}.AppStore|Mixed Platforms.Build.0 = AppStore|Any CPU
		{37AA2C2B-32E5-4A63-A423-408817F7A2DD}.AppStore|Mixed Platforms.Deploy.0 = AppStore|Any CPU
		{37AA2C2B-32E5-4A63-A423-408817F7A2DD}.AppStore|Windows.ActiveCfg = AppStore|Any CPU
		{37AA2C2B-32E5-4A63-A423-408817F7A2DD}.AppStore|Windows.Build.0 = AppStore|Any CPU
		{37AA2C2B-32E5-4A63-A423-408817F7A2DD}.AppStore|Windows.Deploy.0 = AppStore|Any CPU
		{37AA2C2B-32E5-4A63-A423-408817F7A2DD}.CoreCLR_Debug|Any CPU.ActiveCfg = CoreCLR_Debug|Any CPU
		{37AA2C2B-32E5-4A63-A423-408817F7A2DD}.CoreCLR_Debug|Any CPU.Build.0 = CoreCLR_Debug|Any CPU
		{37AA2C2B-32E5-4A63-A423-408817F7A2DD}.CoreCLR_Debug|Any CPU.Deploy.0 = CoreCLR_Debug|Any CPU
		{37AA2C2B-32E5-4A63-A423-408817F7A2DD}.CoreCLR_Debug|Mixed Platforms.ActiveCfg = CoreCLR_Debug|Any CPU
		{37AA2C2B-32E5-4A63-A423-408817F7A2DD}.CoreCLR_Debug|Mixed Platforms.Build.0 = CoreCLR_Debug|Any CPU
		{37AA2C2B-32E5-4A63-A423-408817F7A2DD}.CoreCLR_Debug|Mixed Platforms.Deploy.0 = CoreCLR_Debug|Any CPU
		{37AA2C2B-32E5-4A63-A423-408817F7A2DD}.CoreCLR_Debug|Windows.ActiveCfg = CoreCLR_Debug|Any CPU
		{37AA2C2B-32E5-4A63-A423-408817F7A2DD}.CoreCLR_Debug|Windows.Build.0 = CoreCLR_Debug|Any CPU
		{37AA2C2B-32E5-4A63-A423-408817F7A2DD}.CoreCLR_Debug|Windows.Deploy.0 = CoreCLR_Debug|Any CPU
		{37AA2C2B-32E5-4A63-A423-408817F7A2DD}.CoreCLR_Release|Any CPU.ActiveCfg = CoreCLR_Release|Any CPU
		{37AA2C2B-32E5-4A63-A423-408817F7A2DD}.CoreCLR_Release|Any CPU.Build.0 = CoreCLR_Release|Any CPU
		{37AA2C2B-32E5-4A63-A423-408817F7A2DD}.CoreCLR_Release|Any CPU.Deploy.0 = CoreCLR_Release|Any CPU
		{37AA2C2B-32E5-4A63-A423-408817F7A2DD}.CoreCLR_Release|Mixed Platforms.ActiveCfg = CoreCLR_Release|Any CPU
		{37AA2C2B-32E5-4A63-A423-408817F7A2DD}.CoreCLR_Release|Mixed Platforms.Build.0 = CoreCLR_Release|Any CPU
		{37AA2C2B-32E5-4A63-A423-408817F7A2DD}.CoreCLR_Release|Mixed Platforms.Deploy.0 = CoreCLR_Release|Any CPU
		{37AA2C2B-32E5-4A63-A423-408817F7A2DD}.CoreCLR_Release|Windows.ActiveCfg = CoreCLR_Release|Any CPU
		{37AA2C2B-32E5-4A63-A423-408817F7A2DD}.CoreCLR_Release|Windows.Build.0 = CoreCLR_Release|Any CPU
		{37AA2C2B-32E5-4A63-A423-408817F7A2DD}.CoreCLR_Release|Windows.Deploy.0 = CoreCLR_Release|Any CPU
		{37AA2C2B-32E5-4A63-A423-408817F7A2DD}.Debug|Any CPU.ActiveCfg = Debug|Any CPU
		{37AA2C2B-32E5-4A63-A423-408817F7A2DD}.Debug|Any CPU.Build.0 = Debug|Any CPU
		{37AA2C2B-32E5-4A63-A423-408817F7A2DD}.Debug|Any CPU.Deploy.0 = Debug|Any CPU
		{37AA2C2B-32E5-4A63-A423-408817F7A2DD}.Debug|Mixed Platforms.ActiveCfg = Debug|Any CPU
		{37AA2C2B-32E5-4A63-A423-408817F7A2DD}.Debug|Mixed Platforms.Build.0 = Debug|Any CPU
		{37AA2C2B-32E5-4A63-A423-408817F7A2DD}.Debug|Mixed Platforms.Deploy.0 = Debug|Any CPU
		{37AA2C2B-32E5-4A63-A423-408817F7A2DD}.Debug|Windows.ActiveCfg = Debug|Any CPU
		{37AA2C2B-32E5-4A63-A423-408817F7A2DD}.Debug|Windows.Build.0 = Debug|Any CPU
		{37AA2C2B-32E5-4A63-A423-408817F7A2DD}.Debug|Windows.Deploy.0 = Debug|Any CPU
		{37AA2C2B-32E5-4A63-A423-408817F7A2DD}.Release|Any CPU.ActiveCfg = Release|Any CPU
		{37AA2C2B-32E5-4A63-A423-408817F7A2DD}.Release|Any CPU.Build.0 = Release|Any CPU
		{37AA2C2B-32E5-4A63-A423-408817F7A2DD}.Release|Any CPU.Deploy.0 = Release|Any CPU
		{37AA2C2B-32E5-4A63-A423-408817F7A2DD}.Release|Mixed Platforms.ActiveCfg = Release|Any CPU
		{37AA2C2B-32E5-4A63-A423-408817F7A2DD}.Release|Mixed Platforms.Build.0 = Release|Any CPU
		{37AA2C2B-32E5-4A63-A423-408817F7A2DD}.Release|Mixed Platforms.Deploy.0 = Release|Any CPU
		{37AA2C2B-32E5-4A63-A423-408817F7A2DD}.Release|Windows.ActiveCfg = Release|Any CPU
		{37AA2C2B-32E5-4A63-A423-408817F7A2DD}.Release|Windows.Build.0 = Release|Any CPU
		{37AA2C2B-32E5-4A63-A423-408817F7A2DD}.Release|Windows.Deploy.0 = Release|Any CPU
		{37AA2C2B-32E5-4A63-A423-408817F7A2DD}.Testing|Any CPU.ActiveCfg = Testing|Any CPU
		{37AA2C2B-32E5-4A63-A423-408817F7A2DD}.Testing|Any CPU.Build.0 = Testing|Any CPU
		{37AA2C2B-32E5-4A63-A423-408817F7A2DD}.Testing|Any CPU.Deploy.0 = Testing|Any CPU
		{37AA2C2B-32E5-4A63-A423-408817F7A2DD}.Testing|Mixed Platforms.ActiveCfg = Testing|Any CPU
		{37AA2C2B-32E5-4A63-A423-408817F7A2DD}.Testing|Mixed Platforms.Build.0 = Testing|Any CPU
		{37AA2C2B-32E5-4A63-A423-408817F7A2DD}.Testing|Mixed Platforms.Deploy.0 = Testing|Any CPU
		{37AA2C2B-32E5-4A63-A423-408817F7A2DD}.Testing|Windows.ActiveCfg = Testing|Any CPU
		{37AA2C2B-32E5-4A63-A423-408817F7A2DD}.Testing|Windows.Build.0 = Testing|Any CPU
		{37AA2C2B-32E5-4A63-A423-408817F7A2DD}.Testing|Windows.Deploy.0 = Testing|Any CPU
		{763D6093-3C87-4055-8B78-192B329CECD4}.AppStore|Any CPU.ActiveCfg = AppStore|Any CPU
		{763D6093-3C87-4055-8B78-192B329CECD4}.AppStore|Any CPU.Build.0 = AppStore|Any CPU
		{763D6093-3C87-4055-8B78-192B329CECD4}.AppStore|Mixed Platforms.ActiveCfg = AppStore|Any CPU
		{763D6093-3C87-4055-8B78-192B329CECD4}.AppStore|Mixed Platforms.Build.0 = AppStore|Any CPU
		{763D6093-3C87-4055-8B78-192B329CECD4}.AppStore|Windows.ActiveCfg = AppStore|Any CPU
		{763D6093-3C87-4055-8B78-192B329CECD4}.AppStore|Windows.Build.0 = AppStore|Any CPU
		{763D6093-3C87-4055-8B78-192B329CECD4}.CoreCLR_Debug|Any CPU.ActiveCfg = CoreCLR_Debug|Any CPU
		{763D6093-3C87-4055-8B78-192B329CECD4}.CoreCLR_Debug|Any CPU.Build.0 = CoreCLR_Debug|Any CPU
		{763D6093-3C87-4055-8B78-192B329CECD4}.CoreCLR_Debug|Mixed Platforms.ActiveCfg = CoreCLR_Debug|Any CPU
		{763D6093-3C87-4055-8B78-192B329CECD4}.CoreCLR_Debug|Mixed Platforms.Build.0 = CoreCLR_Debug|Any CPU
		{763D6093-3C87-4055-8B78-192B329CECD4}.CoreCLR_Debug|Windows.ActiveCfg = CoreCLR_Debug|Any CPU
		{763D6093-3C87-4055-8B78-192B329CECD4}.CoreCLR_Debug|Windows.Build.0 = CoreCLR_Debug|Any CPU
		{763D6093-3C87-4055-8B78-192B329CECD4}.CoreCLR_Release|Any CPU.ActiveCfg = CoreCLR_Release|Any CPU
		{763D6093-3C87-4055-8B78-192B329CECD4}.CoreCLR_Release|Any CPU.Build.0 = CoreCLR_Release|Any CPU
		{763D6093-3C87-4055-8B78-192B329CECD4}.CoreCLR_Release|Mixed Platforms.ActiveCfg = CoreCLR_Release|Any CPU
		{763D6093-3C87-4055-8B78-192B329CECD4}.CoreCLR_Release|Mixed Platforms.Build.0 = CoreCLR_Release|Any CPU
		{763D6093-3C87-4055-8B78-192B329CECD4}.CoreCLR_Release|Windows.ActiveCfg = CoreCLR_Release|Any CPU
		{763D6093-3C87-4055-8B78-192B329CECD4}.CoreCLR_Release|Windows.Build.0 = CoreCLR_Release|Any CPU
		{763D6093-3C87-4055-8B78-192B329CECD4}.Debug|Any CPU.ActiveCfg = Debug|Any CPU
		{763D6093-3C87-4055-8B78-192B329CECD4}.Debug|Any CPU.Build.0 = Debug|Any CPU
		{763D6093-3C87-4055-8B78-192B329CECD4}.Debug|Mixed Platforms.ActiveCfg = Debug|Any CPU
		{763D6093-3C87-4055-8B78-192B329CECD4}.Debug|Mixed Platforms.Build.0 = Debug|Any CPU
		{763D6093-3C87-4055-8B78-192B329CECD4}.Debug|Windows.ActiveCfg = Debug|Any CPU
		{763D6093-3C87-4055-8B78-192B329CECD4}.Debug|Windows.Build.0 = Debug|Any CPU
		{763D6093-3C87-4055-8B78-192B329CECD4}.Release|Any CPU.ActiveCfg = Release|Any CPU
		{763D6093-3C87-4055-8B78-192B329CECD4}.Release|Any CPU.Build.0 = Release|Any CPU
		{763D6093-3C87-4055-8B78-192B329CECD4}.Release|Mixed Platforms.ActiveCfg = Release|Any CPU
		{763D6093-3C87-4055-8B78-192B329CECD4}.Release|Mixed Platforms.Build.0 = Release|Any CPU
		{763D6093-3C87-4055-8B78-192B329CECD4}.Release|Windows.ActiveCfg = Release|Any CPU
		{763D6093-3C87-4055-8B78-192B329CECD4}.Release|Windows.Build.0 = Release|Any CPU
		{763D6093-3C87-4055-8B78-192B329CECD4}.Testing|Any CPU.ActiveCfg = Testing|Any CPU
		{763D6093-3C87-4055-8B78-192B329CECD4}.Testing|Any CPU.Build.0 = Testing|Any CPU
		{763D6093-3C87-4055-8B78-192B329CECD4}.Testing|Mixed Platforms.ActiveCfg = Testing|Any CPU
		{763D6093-3C87-4055-8B78-192B329CECD4}.Testing|Mixed Platforms.Build.0 = Testing|Any CPU
		{763D6093-3C87-4055-8B78-192B329CECD4}.Testing|Windows.ActiveCfg = Testing|Any CPU
		{763D6093-3C87-4055-8B78-192B329CECD4}.Testing|Windows.Build.0 = Testing|Any CPU
		{F9DC6E72-D9E4-4297-A22F-2B7F2E009848}.AppStore|Any CPU.ActiveCfg = AppStore|Any CPU
		{F9DC6E72-D9E4-4297-A22F-2B7F2E009848}.AppStore|Any CPU.Build.0 = AppStore|Any CPU
		{F9DC6E72-D9E4-4297-A22F-2B7F2E009848}.AppStore|Any CPU.Deploy.0 = AppStore|Any CPU
		{F9DC6E72-D9E4-4297-A22F-2B7F2E009848}.AppStore|Mixed Platforms.ActiveCfg = AppStore|Any CPU
		{F9DC6E72-D9E4-4297-A22F-2B7F2E009848}.AppStore|Mixed Platforms.Build.0 = AppStore|Any CPU
		{F9DC6E72-D9E4-4297-A22F-2B7F2E009848}.AppStore|Mixed Platforms.Deploy.0 = AppStore|Any CPU
		{F9DC6E72-D9E4-4297-A22F-2B7F2E009848}.AppStore|Windows.ActiveCfg = AppStore|Any CPU
		{F9DC6E72-D9E4-4297-A22F-2B7F2E009848}.AppStore|Windows.Build.0 = AppStore|Any CPU
		{F9DC6E72-D9E4-4297-A22F-2B7F2E009848}.AppStore|Windows.Deploy.0 = AppStore|Any CPU
		{F9DC6E72-D9E4-4297-A22F-2B7F2E009848}.CoreCLR_Debug|Any CPU.ActiveCfg = CoreCLR_Debug|Any CPU
		{F9DC6E72-D9E4-4297-A22F-2B7F2E009848}.CoreCLR_Debug|Any CPU.Build.0 = CoreCLR_Debug|Any CPU
		{F9DC6E72-D9E4-4297-A22F-2B7F2E009848}.CoreCLR_Debug|Any CPU.Deploy.0 = CoreCLR_Debug|Any CPU
		{F9DC6E72-D9E4-4297-A22F-2B7F2E009848}.CoreCLR_Debug|Mixed Platforms.ActiveCfg = CoreCLR_Debug|Any CPU
		{F9DC6E72-D9E4-4297-A22F-2B7F2E009848}.CoreCLR_Debug|Mixed Platforms.Build.0 = CoreCLR_Debug|Any CPU
		{F9DC6E72-D9E4-4297-A22F-2B7F2E009848}.CoreCLR_Debug|Mixed Platforms.Deploy.0 = CoreCLR_Debug|Any CPU
		{F9DC6E72-D9E4-4297-A22F-2B7F2E009848}.CoreCLR_Debug|Windows.ActiveCfg = CoreCLR_Debug|Any CPU
		{F9DC6E72-D9E4-4297-A22F-2B7F2E009848}.CoreCLR_Debug|Windows.Build.0 = CoreCLR_Debug|Any CPU
		{F9DC6E72-D9E4-4297-A22F-2B7F2E009848}.CoreCLR_Debug|Windows.Deploy.0 = CoreCLR_Debug|Any CPU
		{F9DC6E72-D9E4-4297-A22F-2B7F2E009848}.CoreCLR_Release|Any CPU.ActiveCfg = CoreCLR_Release|Any CPU
		{F9DC6E72-D9E4-4297-A22F-2B7F2E009848}.CoreCLR_Release|Any CPU.Build.0 = CoreCLR_Release|Any CPU
		{F9DC6E72-D9E4-4297-A22F-2B7F2E009848}.CoreCLR_Release|Any CPU.Deploy.0 = CoreCLR_Release|Any CPU
		{F9DC6E72-D9E4-4297-A22F-2B7F2E009848}.CoreCLR_Release|Mixed Platforms.ActiveCfg = CoreCLR_Release|Any CPU
		{F9DC6E72-D9E4-4297-A22F-2B7F2E009848}.CoreCLR_Release|Mixed Platforms.Build.0 = CoreCLR_Release|Any CPU
		{F9DC6E72-D9E4-4297-A22F-2B7F2E009848}.CoreCLR_Release|Mixed Platforms.Deploy.0 = CoreCLR_Release|Any CPU
		{F9DC6E72-D9E4-4297-A22F-2B7F2E009848}.CoreCLR_Release|Windows.ActiveCfg = CoreCLR_Release|Any CPU
		{F9DC6E72-D9E4-4297-A22F-2B7F2E009848}.CoreCLR_Release|Windows.Build.0 = CoreCLR_Release|Any CPU
		{F9DC6E72-D9E4-4297-A22F-2B7F2E009848}.CoreCLR_Release|Windows.Deploy.0 = CoreCLR_Release|Any CPU
		{F9DC6E72-D9E4-4297-A22F-2B7F2E009848}.Debug|Any CPU.ActiveCfg = Debug|Any CPU
		{F9DC6E72-D9E4-4297-A22F-2B7F2E009848}.Debug|Any CPU.Build.0 = Debug|Any CPU
		{F9DC6E72-D9E4-4297-A22F-2B7F2E009848}.Debug|Any CPU.Deploy.0 = Debug|Any CPU
		{F9DC6E72-D9E4-4297-A22F-2B7F2E009848}.Debug|Mixed Platforms.ActiveCfg = Debug|Any CPU
		{F9DC6E72-D9E4-4297-A22F-2B7F2E009848}.Debug|Mixed Platforms.Build.0 = Debug|Any CPU
		{F9DC6E72-D9E4-4297-A22F-2B7F2E009848}.Debug|Mixed Platforms.Deploy.0 = Debug|Any CPU
		{F9DC6E72-D9E4-4297-A22F-2B7F2E009848}.Debug|Windows.ActiveCfg = Debug|Any CPU
		{F9DC6E72-D9E4-4297-A22F-2B7F2E009848}.Debug|Windows.Build.0 = Debug|Any CPU
		{F9DC6E72-D9E4-4297-A22F-2B7F2E009848}.Debug|Windows.Deploy.0 = Debug|Any CPU
		{F9DC6E72-D9E4-4297-A22F-2B7F2E009848}.Release|Any CPU.ActiveCfg = Release|Any CPU
		{F9DC6E72-D9E4-4297-A22F-2B7F2E009848}.Release|Any CPU.Build.0 = Release|Any CPU
		{F9DC6E72-D9E4-4297-A22F-2B7F2E009848}.Release|Any CPU.Deploy.0 = Release|Any CPU
		{F9DC6E72-D9E4-4297-A22F-2B7F2E009848}.Release|Mixed Platforms.ActiveCfg = Release|Any CPU
		{F9DC6E72-D9E4-4297-A22F-2B7F2E009848}.Release|Mixed Platforms.Build.0 = Release|Any CPU
		{F9DC6E72-D9E4-4297-A22F-2B7F2E009848}.Release|Mixed Platforms.Deploy.0 = Release|Any CPU
		{F9DC6E72-D9E4-4297-A22F-2B7F2E009848}.Release|Windows.ActiveCfg = Release|Any CPU
		{F9DC6E72-D9E4-4297-A22F-2B7F2E009848}.Release|Windows.Build.0 = Release|Any CPU
		{F9DC6E72-D9E4-4297-A22F-2B7F2E009848}.Release|Windows.Deploy.0 = Release|Any CPU
		{F9DC6E72-D9E4-4297-A22F-2B7F2E009848}.Testing|Any CPU.ActiveCfg = Testing|Any CPU
		{F9DC6E72-D9E4-4297-A22F-2B7F2E009848}.Testing|Any CPU.Build.0 = Testing|Any CPU
		{F9DC6E72-D9E4-4297-A22F-2B7F2E009848}.Testing|Any CPU.Deploy.0 = Testing|Any CPU
		{F9DC6E72-D9E4-4297-A22F-2B7F2E009848}.Testing|Mixed Platforms.ActiveCfg = Testing|Any CPU
		{F9DC6E72-D9E4-4297-A22F-2B7F2E009848}.Testing|Mixed Platforms.Build.0 = Testing|Any CPU
		{F9DC6E72-D9E4-4297-A22F-2B7F2E009848}.Testing|Mixed Platforms.Deploy.0 = Testing|Any CPU
		{F9DC6E72-D9E4-4297-A22F-2B7F2E009848}.Testing|Windows.ActiveCfg = Testing|Any CPU
		{F9DC6E72-D9E4-4297-A22F-2B7F2E009848}.Testing|Windows.Build.0 = Testing|Any CPU
		{F9DC6E72-D9E4-4297-A22F-2B7F2E009848}.Testing|Windows.Deploy.0 = Testing|Any CPU
		{017C6B97-8A7F-4AD4-9E10-E5FC7E5FD5A7}.AppStore|Any CPU.ActiveCfg = AppStore|Any CPU
		{017C6B97-8A7F-4AD4-9E10-E5FC7E5FD5A7}.AppStore|Any CPU.Build.0 = AppStore|Any CPU
		{017C6B97-8A7F-4AD4-9E10-E5FC7E5FD5A7}.AppStore|Mixed Platforms.ActiveCfg = AppStore|Any CPU
		{017C6B97-8A7F-4AD4-9E10-E5FC7E5FD5A7}.AppStore|Mixed Platforms.Build.0 = AppStore|Any CPU
		{017C6B97-8A7F-4AD4-9E10-E5FC7E5FD5A7}.AppStore|Windows.ActiveCfg = AppStore|Any CPU
		{017C6B97-8A7F-4AD4-9E10-E5FC7E5FD5A7}.AppStore|Windows.Build.0 = AppStore|Any CPU
		{017C6B97-8A7F-4AD4-9E10-E5FC7E5FD5A7}.CoreCLR_Debug|Any CPU.ActiveCfg = CoreCLR_Debug|Any CPU
		{017C6B97-8A7F-4AD4-9E10-E5FC7E5FD5A7}.CoreCLR_Debug|Any CPU.Build.0 = CoreCLR_Debug|Any CPU
		{017C6B97-8A7F-4AD4-9E10-E5FC7E5FD5A7}.CoreCLR_Debug|Mixed Platforms.ActiveCfg = CoreCLR_Debug|Any CPU
		{017C6B97-8A7F-4AD4-9E10-E5FC7E5FD5A7}.CoreCLR_Debug|Mixed Platforms.Build.0 = CoreCLR_Debug|Any CPU
		{017C6B97-8A7F-4AD4-9E10-E5FC7E5FD5A7}.CoreCLR_Debug|Windows.ActiveCfg = CoreCLR_Debug|Any CPU
		{017C6B97-8A7F-4AD4-9E10-E5FC7E5FD5A7}.CoreCLR_Debug|Windows.Build.0 = CoreCLR_Debug|Any CPU
		{017C6B97-8A7F-4AD4-9E10-E5FC7E5FD5A7}.CoreCLR_Release|Any CPU.ActiveCfg = CoreCLR_Release|Any CPU
		{017C6B97-8A7F-4AD4-9E10-E5FC7E5FD5A7}.CoreCLR_Release|Any CPU.Build.0 = CoreCLR_Release|Any CPU
		{017C6B97-8A7F-4AD4-9E10-E5FC7E5FD5A7}.CoreCLR_Release|Mixed Platforms.ActiveCfg = CoreCLR_Release|Any CPU
		{017C6B97-8A7F-4AD4-9E10-E5FC7E5FD5A7}.CoreCLR_Release|Mixed Platforms.Build.0 = CoreCLR_Release|Any CPU
		{017C6B97-8A7F-4AD4-9E10-E5FC7E5FD5A7}.CoreCLR_Release|Windows.ActiveCfg = CoreCLR_Release|Any CPU
		{017C6B97-8A7F-4AD4-9E10-E5FC7E5FD5A7}.CoreCLR_Release|Windows.Build.0 = CoreCLR_Release|Any CPU
		{017C6B97-8A7F-4AD4-9E10-E5FC7E5FD5A7}.Debug|Any CPU.ActiveCfg = Debug|Any CPU
		{017C6B97-8A7F-4AD4-9E10-E5FC7E5FD5A7}.Debug|Any CPU.Build.0 = Debug|Any CPU
		{017C6B97-8A7F-4AD4-9E10-E5FC7E5FD5A7}.Debug|Mixed Platforms.ActiveCfg = Debug|Any CPU
		{017C6B97-8A7F-4AD4-9E10-E5FC7E5FD5A7}.Debug|Mixed Platforms.Build.0 = Debug|Any CPU
		{017C6B97-8A7F-4AD4-9E10-E5FC7E5FD5A7}.Debug|Windows.ActiveCfg = Debug|Any CPU
		{017C6B97-8A7F-4AD4-9E10-E5FC7E5FD5A7}.Debug|Windows.Build.0 = Debug|Any CPU
		{017C6B97-8A7F-4AD4-9E10-E5FC7E5FD5A7}.Release|Any CPU.ActiveCfg = Release|Any CPU
		{017C6B97-8A7F-4AD4-9E10-E5FC7E5FD5A7}.Release|Any CPU.Build.0 = Release|Any CPU
		{017C6B97-8A7F-4AD4-9E10-E5FC7E5FD5A7}.Release|Mixed Platforms.ActiveCfg = Release|Any CPU
		{017C6B97-8A7F-4AD4-9E10-E5FC7E5FD5A7}.Release|Mixed Platforms.Build.0 = Release|Any CPU
		{017C6B97-8A7F-4AD4-9E10-E5FC7E5FD5A7}.Release|Windows.ActiveCfg = Release|Any CPU
		{017C6B97-8A7F-4AD4-9E10-E5FC7E5FD5A7}.Release|Windows.Build.0 = Release|Any CPU
		{017C6B97-8A7F-4AD4-9E10-E5FC7E5FD5A7}.Testing|Any CPU.ActiveCfg = Testing|Any CPU
		{017C6B97-8A7F-4AD4-9E10-E5FC7E5FD5A7}.Testing|Any CPU.Build.0 = Testing|Any CPU
		{017C6B97-8A7F-4AD4-9E10-E5FC7E5FD5A7}.Testing|Mixed Platforms.ActiveCfg = Testing|Any CPU
		{017C6B97-8A7F-4AD4-9E10-E5FC7E5FD5A7}.Testing|Mixed Platforms.Build.0 = Testing|Any CPU
		{017C6B97-8A7F-4AD4-9E10-E5FC7E5FD5A7}.Testing|Windows.ActiveCfg = Testing|Any CPU
		{017C6B97-8A7F-4AD4-9E10-E5FC7E5FD5A7}.Testing|Windows.Build.0 = Testing|Any CPU
		{9D123D07-2C89-4DE6-A8DC-948B98A2557E}.AppStore|Any CPU.ActiveCfg = AppStore|Any CPU
		{9D123D07-2C89-4DE6-A8DC-948B98A2557E}.AppStore|Any CPU.Build.0 = AppStore|Any CPU
		{9D123D07-2C89-4DE6-A8DC-948B98A2557E}.AppStore|Any CPU.Deploy.0 = AppStore|Any CPU
		{9D123D07-2C89-4DE6-A8DC-948B98A2557E}.AppStore|Mixed Platforms.ActiveCfg = AppStore|Any CPU
		{9D123D07-2C89-4DE6-A8DC-948B98A2557E}.AppStore|Mixed Platforms.Build.0 = AppStore|Any CPU
		{9D123D07-2C89-4DE6-A8DC-948B98A2557E}.AppStore|Mixed Platforms.Deploy.0 = AppStore|Any CPU
		{9D123D07-2C89-4DE6-A8DC-948B98A2557E}.AppStore|Windows.ActiveCfg = AppStore|Any CPU
		{9D123D07-2C89-4DE6-A8DC-948B98A2557E}.AppStore|Windows.Build.0 = AppStore|Any CPU
		{9D123D07-2C89-4DE6-A8DC-948B98A2557E}.AppStore|Windows.Deploy.0 = AppStore|Any CPU
		{9D123D07-2C89-4DE6-A8DC-948B98A2557E}.CoreCLR_Debug|Any CPU.ActiveCfg = CoreCLR_Debug|Any CPU
		{9D123D07-2C89-4DE6-A8DC-948B98A2557E}.CoreCLR_Debug|Any CPU.Build.0 = CoreCLR_Debug|Any CPU
		{9D123D07-2C89-4DE6-A8DC-948B98A2557E}.CoreCLR_Debug|Any CPU.Deploy.0 = CoreCLR_Debug|Any CPU
		{9D123D07-2C89-4DE6-A8DC-948B98A2557E}.CoreCLR_Debug|Mixed Platforms.ActiveCfg = CoreCLR_Debug|Any CPU
		{9D123D07-2C89-4DE6-A8DC-948B98A2557E}.CoreCLR_Debug|Mixed Platforms.Build.0 = CoreCLR_Debug|Any CPU
		{9D123D07-2C89-4DE6-A8DC-948B98A2557E}.CoreCLR_Debug|Mixed Platforms.Deploy.0 = CoreCLR_Debug|Any CPU
		{9D123D07-2C89-4DE6-A8DC-948B98A2557E}.CoreCLR_Debug|Windows.ActiveCfg = CoreCLR_Debug|Any CPU
		{9D123D07-2C89-4DE6-A8DC-948B98A2557E}.CoreCLR_Debug|Windows.Build.0 = CoreCLR_Debug|Any CPU
		{9D123D07-2C89-4DE6-A8DC-948B98A2557E}.CoreCLR_Debug|Windows.Deploy.0 = CoreCLR_Debug|Any CPU
		{9D123D07-2C89-4DE6-A8DC-948B98A2557E}.CoreCLR_Release|Any CPU.ActiveCfg = CoreCLR_Release|Any CPU
		{9D123D07-2C89-4DE6-A8DC-948B98A2557E}.CoreCLR_Release|Any CPU.Build.0 = CoreCLR_Release|Any CPU
		{9D123D07-2C89-4DE6-A8DC-948B98A2557E}.CoreCLR_Release|Any CPU.Deploy.0 = CoreCLR_Release|Any CPU
		{9D123D07-2C89-4DE6-A8DC-948B98A2557E}.CoreCLR_Release|Mixed Platforms.ActiveCfg = CoreCLR_Release|Any CPU
		{9D123D07-2C89-4DE6-A8DC-948B98A2557E}.CoreCLR_Release|Mixed Platforms.Build.0 = CoreCLR_Release|Any CPU
		{9D123D07-2C89-4DE6-A8DC-948B98A2557E}.CoreCLR_Release|Mixed Platforms.Deploy.0 = CoreCLR_Release|Any CPU
		{9D123D07-2C89-4DE6-A8DC-948B98A2557E}.CoreCLR_Release|Windows.ActiveCfg = CoreCLR_Release|Any CPU
		{9D123D07-2C89-4DE6-A8DC-948B98A2557E}.CoreCLR_Release|Windows.Build.0 = CoreCLR_Release|Any CPU
		{9D123D07-2C89-4DE6-A8DC-948B98A2557E}.CoreCLR_Release|Windows.Deploy.0 = CoreCLR_Release|Any CPU
		{9D123D07-2C89-4DE6-A8DC-948B98A2557E}.Debug|Any CPU.ActiveCfg = Debug|Any CPU
		{9D123D07-2C89-4DE6-A8DC-948B98A2557E}.Debug|Any CPU.Build.0 = Debug|Any CPU
		{9D123D07-2C89-4DE6-A8DC-948B98A2557E}.Debug|Any CPU.Deploy.0 = Debug|Any CPU
		{9D123D07-2C89-4DE6-A8DC-948B98A2557E}.Debug|Mixed Platforms.ActiveCfg = Debug|Any CPU
		{9D123D07-2C89-4DE6-A8DC-948B98A2557E}.Debug|Mixed Platforms.Build.0 = Debug|Any CPU
		{9D123D07-2C89-4DE6-A8DC-948B98A2557E}.Debug|Mixed Platforms.Deploy.0 = Debug|Any CPU
		{9D123D07-2C89-4DE6-A8DC-948B98A2557E}.Debug|Windows.ActiveCfg = Debug|Any CPU
		{9D123D07-2C89-4DE6-A8DC-948B98A2557E}.Debug|Windows.Build.0 = Debug|Any CPU
		{9D123D07-2C89-4DE6-A8DC-948B98A2557E}.Debug|Windows.Deploy.0 = Debug|Any CPU
		{9D123D07-2C89-4DE6-A8DC-948B98A2557E}.Release|Any CPU.ActiveCfg = Release|Any CPU
		{9D123D07-2C89-4DE6-A8DC-948B98A2557E}.Release|Any CPU.Build.0 = Release|Any CPU
		{9D123D07-2C89-4DE6-A8DC-948B98A2557E}.Release|Any CPU.Deploy.0 = Release|Any CPU
		{9D123D07-2C89-4DE6-A8DC-948B98A2557E}.Release|Mixed Platforms.ActiveCfg = Release|Any CPU
		{9D123D07-2C89-4DE6-A8DC-948B98A2557E}.Release|Mixed Platforms.Build.0 = Release|Any CPU
		{9D123D07-2C89-4DE6-A8DC-948B98A2557E}.Release|Mixed Platforms.Deploy.0 = Release|Any CPU
		{9D123D07-2C89-4DE6-A8DC-948B98A2557E}.Release|Windows.ActiveCfg = Release|Any CPU
		{9D123D07-2C89-4DE6-A8DC-948B98A2557E}.Release|Windows.Build.0 = Release|Any CPU
		{9D123D07-2C89-4DE6-A8DC-948B98A2557E}.Release|Windows.Deploy.0 = Release|Any CPU
		{9D123D07-2C89-4DE6-A8DC-948B98A2557E}.Testing|Any CPU.ActiveCfg = Testing|Any CPU
		{9D123D07-2C89-4DE6-A8DC-948B98A2557E}.Testing|Any CPU.Build.0 = Testing|Any CPU
		{9D123D07-2C89-4DE6-A8DC-948B98A2557E}.Testing|Any CPU.Deploy.0 = Testing|Any CPU
		{9D123D07-2C89-4DE6-A8DC-948B98A2557E}.Testing|Mixed Platforms.ActiveCfg = Testing|Any CPU
		{9D123D07-2C89-4DE6-A8DC-948B98A2557E}.Testing|Mixed Platforms.Build.0 = Testing|Any CPU
		{9D123D07-2C89-4DE6-A8DC-948B98A2557E}.Testing|Mixed Platforms.Deploy.0 = Testing|Any CPU
		{9D123D07-2C89-4DE6-A8DC-948B98A2557E}.Testing|Windows.ActiveCfg = Testing|Any CPU
		{9D123D07-2C89-4DE6-A8DC-948B98A2557E}.Testing|Windows.Build.0 = Testing|Any CPU
		{9D123D07-2C89-4DE6-A8DC-948B98A2557E}.Testing|Windows.Deploy.0 = Testing|Any CPU
		{4E654216-9073-4839-B7A1-D722737C0417}.AppStore|Any CPU.ActiveCfg = AppStore|Any CPU
		{4E654216-9073-4839-B7A1-D722737C0417}.AppStore|Any CPU.Build.0 = AppStore|Any CPU
		{4E654216-9073-4839-B7A1-D722737C0417}.AppStore|Mixed Platforms.ActiveCfg = AppStore|Any CPU
		{4E654216-9073-4839-B7A1-D722737C0417}.AppStore|Mixed Platforms.Build.0 = AppStore|Any CPU
		{4E654216-9073-4839-B7A1-D722737C0417}.AppStore|Windows.ActiveCfg = AppStore|Any CPU
		{4E654216-9073-4839-B7A1-D722737C0417}.AppStore|Windows.Build.0 = AppStore|Any CPU
		{4E654216-9073-4839-B7A1-D722737C0417}.CoreCLR_Debug|Any CPU.ActiveCfg = CoreCLR_Debug|Any CPU
		{4E654216-9073-4839-B7A1-D722737C0417}.CoreCLR_Debug|Any CPU.Build.0 = CoreCLR_Debug|Any CPU
		{4E654216-9073-4839-B7A1-D722737C0417}.CoreCLR_Debug|Mixed Platforms.ActiveCfg = CoreCLR_Debug|Any CPU
		{4E654216-9073-4839-B7A1-D722737C0417}.CoreCLR_Debug|Mixed Platforms.Build.0 = CoreCLR_Debug|Any CPU
		{4E654216-9073-4839-B7A1-D722737C0417}.CoreCLR_Debug|Windows.ActiveCfg = CoreCLR_Debug|Any CPU
		{4E654216-9073-4839-B7A1-D722737C0417}.CoreCLR_Debug|Windows.Build.0 = CoreCLR_Debug|Any CPU
		{4E654216-9073-4839-B7A1-D722737C0417}.CoreCLR_Release|Any CPU.ActiveCfg = CoreCLR_Release|Any CPU
		{4E654216-9073-4839-B7A1-D722737C0417}.CoreCLR_Release|Any CPU.Build.0 = CoreCLR_Release|Any CPU
		{4E654216-9073-4839-B7A1-D722737C0417}.CoreCLR_Release|Mixed Platforms.ActiveCfg = CoreCLR_Release|Any CPU
		{4E654216-9073-4839-B7A1-D722737C0417}.CoreCLR_Release|Mixed Platforms.Build.0 = CoreCLR_Release|Any CPU
		{4E654216-9073-4839-B7A1-D722737C0417}.CoreCLR_Release|Windows.ActiveCfg = CoreCLR_Release|Any CPU
		{4E654216-9073-4839-B7A1-D722737C0417}.CoreCLR_Release|Windows.Build.0 = CoreCLR_Release|Any CPU
		{4E654216-9073-4839-B7A1-D722737C0417}.Debug|Any CPU.ActiveCfg = Debug|Any CPU
		{4E654216-9073-4839-B7A1-D722737C0417}.Debug|Any CPU.Build.0 = Debug|Any CPU
		{4E654216-9073-4839-B7A1-D722737C0417}.Debug|Mixed Platforms.ActiveCfg = Debug|Any CPU
		{4E654216-9073-4839-B7A1-D722737C0417}.Debug|Mixed Platforms.Build.0 = Debug|Any CPU
		{4E654216-9073-4839-B7A1-D722737C0417}.Debug|Windows.ActiveCfg = Debug|Any CPU
		{4E654216-9073-4839-B7A1-D722737C0417}.Debug|Windows.Build.0 = Debug|Any CPU
		{4E654216-9073-4839-B7A1-D722737C0417}.Release|Any CPU.ActiveCfg = Release|Any CPU
		{4E654216-9073-4839-B7A1-D722737C0417}.Release|Any CPU.Build.0 = Release|Any CPU
		{4E654216-9073-4839-B7A1-D722737C0417}.Release|Mixed Platforms.ActiveCfg = Release|Any CPU
		{4E654216-9073-4839-B7A1-D722737C0417}.Release|Mixed Platforms.Build.0 = Release|Any CPU
		{4E654216-9073-4839-B7A1-D722737C0417}.Release|Windows.ActiveCfg = Release|Any CPU
		{4E654216-9073-4839-B7A1-D722737C0417}.Release|Windows.Build.0 = Release|Any CPU
		{4E654216-9073-4839-B7A1-D722737C0417}.Testing|Any CPU.ActiveCfg = Testing|Any CPU
		{4E654216-9073-4839-B7A1-D722737C0417}.Testing|Any CPU.Build.0 = Testing|Any CPU
		{4E654216-9073-4839-B7A1-D722737C0417}.Testing|Mixed Platforms.ActiveCfg = Testing|Any CPU
		{4E654216-9073-4839-B7A1-D722737C0417}.Testing|Mixed Platforms.Build.0 = Testing|Any CPU
		{4E654216-9073-4839-B7A1-D722737C0417}.Testing|Windows.ActiveCfg = Testing|Any CPU
		{4E654216-9073-4839-B7A1-D722737C0417}.Testing|Windows.Build.0 = Testing|Any CPU
		{CAE8463E-3AF9-450E-B6AF-10E7DB37ECBB}.AppStore|Any CPU.ActiveCfg = AppStore|Any CPU
		{CAE8463E-3AF9-450E-B6AF-10E7DB37ECBB}.AppStore|Any CPU.Build.0 = AppStore|Any CPU
		{CAE8463E-3AF9-450E-B6AF-10E7DB37ECBB}.AppStore|Any CPU.Deploy.0 = AppStore|Any CPU
		{CAE8463E-3AF9-450E-B6AF-10E7DB37ECBB}.AppStore|Mixed Platforms.ActiveCfg = AppStore|Any CPU
		{CAE8463E-3AF9-450E-B6AF-10E7DB37ECBB}.AppStore|Mixed Platforms.Build.0 = AppStore|Any CPU
		{CAE8463E-3AF9-450E-B6AF-10E7DB37ECBB}.AppStore|Mixed Platforms.Deploy.0 = AppStore|Any CPU
		{CAE8463E-3AF9-450E-B6AF-10E7DB37ECBB}.AppStore|Windows.ActiveCfg = AppStore|Any CPU
		{CAE8463E-3AF9-450E-B6AF-10E7DB37ECBB}.AppStore|Windows.Build.0 = AppStore|Any CPU
		{CAE8463E-3AF9-450E-B6AF-10E7DB37ECBB}.AppStore|Windows.Deploy.0 = AppStore|Any CPU
		{CAE8463E-3AF9-450E-B6AF-10E7DB37ECBB}.CoreCLR_Debug|Any CPU.ActiveCfg = CoreCLR_Debug|Any CPU
		{CAE8463E-3AF9-450E-B6AF-10E7DB37ECBB}.CoreCLR_Debug|Any CPU.Build.0 = CoreCLR_Debug|Any CPU
		{CAE8463E-3AF9-450E-B6AF-10E7DB37ECBB}.CoreCLR_Debug|Any CPU.Deploy.0 = CoreCLR_Debug|Any CPU
		{CAE8463E-3AF9-450E-B6AF-10E7DB37ECBB}.CoreCLR_Debug|Mixed Platforms.ActiveCfg = CoreCLR_Debug|Any CPU
		{CAE8463E-3AF9-450E-B6AF-10E7DB37ECBB}.CoreCLR_Debug|Mixed Platforms.Build.0 = CoreCLR_Debug|Any CPU
		{CAE8463E-3AF9-450E-B6AF-10E7DB37ECBB}.CoreCLR_Debug|Mixed Platforms.Deploy.0 = CoreCLR_Debug|Any CPU
		{CAE8463E-3AF9-450E-B6AF-10E7DB37ECBB}.CoreCLR_Debug|Windows.ActiveCfg = CoreCLR_Debug|Any CPU
		{CAE8463E-3AF9-450E-B6AF-10E7DB37ECBB}.CoreCLR_Debug|Windows.Build.0 = CoreCLR_Debug|Any CPU
		{CAE8463E-3AF9-450E-B6AF-10E7DB37ECBB}.CoreCLR_Debug|Windows.Deploy.0 = CoreCLR_Debug|Any CPU
		{CAE8463E-3AF9-450E-B6AF-10E7DB37ECBB}.CoreCLR_Release|Any CPU.ActiveCfg = CoreCLR_Release|Any CPU
		{CAE8463E-3AF9-450E-B6AF-10E7DB37ECBB}.CoreCLR_Release|Any CPU.Build.0 = CoreCLR_Release|Any CPU
		{CAE8463E-3AF9-450E-B6AF-10E7DB37ECBB}.CoreCLR_Release|Any CPU.Deploy.0 = CoreCLR_Release|Any CPU
		{CAE8463E-3AF9-450E-B6AF-10E7DB37ECBB}.CoreCLR_Release|Mixed Platforms.ActiveCfg = CoreCLR_Release|Any CPU
		{CAE8463E-3AF9-450E-B6AF-10E7DB37ECBB}.CoreCLR_Release|Mixed Platforms.Build.0 = CoreCLR_Release|Any CPU
		{CAE8463E-3AF9-450E-B6AF-10E7DB37ECBB}.CoreCLR_Release|Mixed Platforms.Deploy.0 = CoreCLR_Release|Any CPU
		{CAE8463E-3AF9-450E-B6AF-10E7DB37ECBB}.CoreCLR_Release|Windows.ActiveCfg = CoreCLR_Release|Any CPU
		{CAE8463E-3AF9-450E-B6AF-10E7DB37ECBB}.CoreCLR_Release|Windows.Build.0 = CoreCLR_Release|Any CPU
		{CAE8463E-3AF9-450E-B6AF-10E7DB37ECBB}.CoreCLR_Release|Windows.Deploy.0 = CoreCLR_Release|Any CPU
		{CAE8463E-3AF9-450E-B6AF-10E7DB37ECBB}.Debug|Any CPU.ActiveCfg = Debug|Any CPU
		{CAE8463E-3AF9-450E-B6AF-10E7DB37ECBB}.Debug|Any CPU.Build.0 = Debug|Any CPU
		{CAE8463E-3AF9-450E-B6AF-10E7DB37ECBB}.Debug|Any CPU.Deploy.0 = Debug|Any CPU
		{CAE8463E-3AF9-450E-B6AF-10E7DB37ECBB}.Debug|Mixed Platforms.ActiveCfg = Debug|Any CPU
		{CAE8463E-3AF9-450E-B6AF-10E7DB37ECBB}.Debug|Mixed Platforms.Build.0 = Debug|Any CPU
		{CAE8463E-3AF9-450E-B6AF-10E7DB37ECBB}.Debug|Mixed Platforms.Deploy.0 = Debug|Any CPU
		{CAE8463E-3AF9-450E-B6AF-10E7DB37ECBB}.Debug|Windows.ActiveCfg = Debug|Any CPU
		{CAE8463E-3AF9-450E-B6AF-10E7DB37ECBB}.Debug|Windows.Build.0 = Debug|Any CPU
		{CAE8463E-3AF9-450E-B6AF-10E7DB37ECBB}.Debug|Windows.Deploy.0 = Debug|Any CPU
		{CAE8463E-3AF9-450E-B6AF-10E7DB37ECBB}.Release|Any CPU.ActiveCfg = Release|Any CPU
		{CAE8463E-3AF9-450E-B6AF-10E7DB37ECBB}.Release|Any CPU.Build.0 = Release|Any CPU
		{CAE8463E-3AF9-450E-B6AF-10E7DB37ECBB}.Release|Any CPU.Deploy.0 = Release|Any CPU
		{CAE8463E-3AF9-450E-B6AF-10E7DB37ECBB}.Release|Mixed Platforms.ActiveCfg = Release|Any CPU
		{CAE8463E-3AF9-450E-B6AF-10E7DB37ECBB}.Release|Mixed Platforms.Build.0 = Release|Any CPU
		{CAE8463E-3AF9-450E-B6AF-10E7DB37ECBB}.Release|Mixed Platforms.Deploy.0 = Release|Any CPU
		{CAE8463E-3AF9-450E-B6AF-10E7DB37ECBB}.Release|Windows.ActiveCfg = Release|Any CPU
		{CAE8463E-3AF9-450E-B6AF-10E7DB37ECBB}.Release|Windows.Build.0 = Release|Any CPU
		{CAE8463E-3AF9-450E-B6AF-10E7DB37ECBB}.Release|Windows.Deploy.0 = Release|Any CPU
		{CAE8463E-3AF9-450E-B6AF-10E7DB37ECBB}.Testing|Any CPU.ActiveCfg = Testing|Any CPU
		{CAE8463E-3AF9-450E-B6AF-10E7DB37ECBB}.Testing|Any CPU.Build.0 = Testing|Any CPU
		{CAE8463E-3AF9-450E-B6AF-10E7DB37ECBB}.Testing|Any CPU.Deploy.0 = Testing|Any CPU
		{CAE8463E-3AF9-450E-B6AF-10E7DB37ECBB}.Testing|Mixed Platforms.ActiveCfg = Testing|Any CPU
		{CAE8463E-3AF9-450E-B6AF-10E7DB37ECBB}.Testing|Mixed Platforms.Build.0 = Testing|Any CPU
		{CAE8463E-3AF9-450E-B6AF-10E7DB37ECBB}.Testing|Mixed Platforms.Deploy.0 = Testing|Any CPU
		{CAE8463E-3AF9-450E-B6AF-10E7DB37ECBB}.Testing|Windows.ActiveCfg = Testing|Any CPU
		{CAE8463E-3AF9-450E-B6AF-10E7DB37ECBB}.Testing|Windows.Build.0 = Testing|Any CPU
		{CAE8463E-3AF9-450E-B6AF-10E7DB37ECBB}.Testing|Windows.Deploy.0 = Testing|Any CPU
		{9264D0A8-E898-48BB-9E06-C03E4705B361}.AppStore|Any CPU.ActiveCfg = AppStore|Any CPU
		{9264D0A8-E898-48BB-9E06-C03E4705B361}.AppStore|Any CPU.Build.0 = AppStore|Any CPU
		{9264D0A8-E898-48BB-9E06-C03E4705B361}.AppStore|Mixed Platforms.ActiveCfg = AppStore|Any CPU
		{9264D0A8-E898-48BB-9E06-C03E4705B361}.AppStore|Mixed Platforms.Build.0 = AppStore|Any CPU
		{9264D0A8-E898-48BB-9E06-C03E4705B361}.AppStore|Windows.ActiveCfg = AppStore|Any CPU
		{9264D0A8-E898-48BB-9E06-C03E4705B361}.AppStore|Windows.Build.0 = AppStore|Any CPU
		{9264D0A8-E898-48BB-9E06-C03E4705B361}.CoreCLR_Debug|Any CPU.ActiveCfg = CoreCLR_Debug|Any CPU
		{9264D0A8-E898-48BB-9E06-C03E4705B361}.CoreCLR_Debug|Any CPU.Build.0 = CoreCLR_Debug|Any CPU
		{9264D0A8-E898-48BB-9E06-C03E4705B361}.CoreCLR_Debug|Mixed Platforms.ActiveCfg = CoreCLR_Debug|Any CPU
		{9264D0A8-E898-48BB-9E06-C03E4705B361}.CoreCLR_Debug|Mixed Platforms.Build.0 = CoreCLR_Debug|Any CPU
		{9264D0A8-E898-48BB-9E06-C03E4705B361}.CoreCLR_Debug|Windows.ActiveCfg = CoreCLR_Debug|Any CPU
		{9264D0A8-E898-48BB-9E06-C03E4705B361}.CoreCLR_Debug|Windows.Build.0 = CoreCLR_Debug|Any CPU
		{9264D0A8-E898-48BB-9E06-C03E4705B361}.CoreCLR_Release|Any CPU.ActiveCfg = CoreCLR_Release|Any CPU
		{9264D0A8-E898-48BB-9E06-C03E4705B361}.CoreCLR_Release|Any CPU.Build.0 = CoreCLR_Release|Any CPU
		{9264D0A8-E898-48BB-9E06-C03E4705B361}.CoreCLR_Release|Mixed Platforms.ActiveCfg = CoreCLR_Release|Any CPU
		{9264D0A8-E898-48BB-9E06-C03E4705B361}.CoreCLR_Release|Mixed Platforms.Build.0 = CoreCLR_Release|Any CPU
		{9264D0A8-E898-48BB-9E06-C03E4705B361}.CoreCLR_Release|Windows.ActiveCfg = CoreCLR_Release|Any CPU
		{9264D0A8-E898-48BB-9E06-C03E4705B361}.CoreCLR_Release|Windows.Build.0 = CoreCLR_Release|Any CPU
		{9264D0A8-E898-48BB-9E06-C03E4705B361}.Debug|Any CPU.ActiveCfg = Debug|Any CPU
		{9264D0A8-E898-48BB-9E06-C03E4705B361}.Debug|Any CPU.Build.0 = Debug|Any CPU
		{9264D0A8-E898-48BB-9E06-C03E4705B361}.Debug|Mixed Platforms.ActiveCfg = Debug|Any CPU
		{9264D0A8-E898-48BB-9E06-C03E4705B361}.Debug|Mixed Platforms.Build.0 = Debug|Any CPU
		{9264D0A8-E898-48BB-9E06-C03E4705B361}.Debug|Windows.ActiveCfg = Debug|Any CPU
		{9264D0A8-E898-48BB-9E06-C03E4705B361}.Debug|Windows.Build.0 = Debug|Any CPU
		{9264D0A8-E898-48BB-9E06-C03E4705B361}.Release|Any CPU.ActiveCfg = Release|Any CPU
		{9264D0A8-E898-48BB-9E06-C03E4705B361}.Release|Any CPU.Build.0 = Release|Any CPU
		{9264D0A8-E898-48BB-9E06-C03E4705B361}.Release|Mixed Platforms.ActiveCfg = Release|Any CPU
		{9264D0A8-E898-48BB-9E06-C03E4705B361}.Release|Mixed Platforms.Build.0 = Release|Any CPU
		{9264D0A8-E898-48BB-9E06-C03E4705B361}.Release|Windows.ActiveCfg = Release|Any CPU
		{9264D0A8-E898-48BB-9E06-C03E4705B361}.Release|Windows.Build.0 = Release|Any CPU
		{9264D0A8-E898-48BB-9E06-C03E4705B361}.Testing|Any CPU.ActiveCfg = Testing|Any CPU
		{9264D0A8-E898-48BB-9E06-C03E4705B361}.Testing|Any CPU.Build.0 = Testing|Any CPU
		{9264D0A8-E898-48BB-9E06-C03E4705B361}.Testing|Mixed Platforms.ActiveCfg = Testing|Any CPU
		{9264D0A8-E898-48BB-9E06-C03E4705B361}.Testing|Mixed Platforms.Build.0 = Testing|Any CPU
		{9264D0A8-E898-48BB-9E06-C03E4705B361}.Testing|Windows.ActiveCfg = Testing|Any CPU
		{9264D0A8-E898-48BB-9E06-C03E4705B361}.Testing|Windows.Build.0 = Testing|Any CPU
	EndGlobalSection
	GlobalSection(SolutionProperties) = preSolution
		HideSolutionNode = FALSE
	EndGlobalSection
	GlobalSection(NestedProjects) = preSolution
		{2B920979-D010-44FA-A415-E52D97E51DF3} = {82EAB4A6-B265-47C2-B544-D7671BDB3D2D}
		{BDDD6C01-7873-4066-BC52-3E5847FE9F39} = {2B920979-D010-44FA-A415-E52D97E51DF3}
		{C821E6B2-04B2-4983-8348-7AC37B23C5E1} = {2B920979-D010-44FA-A415-E52D97E51DF3}
		{FAB17593-F065-4CA3-9C1E-AEF47BF8A635} = {82EAB4A6-B265-47C2-B544-D7671BDB3D2D}
		{1604F9FD-44E3-446B-A0C1-5C553E68CA85} = {FAB17593-F065-4CA3-9C1E-AEF47BF8A635}
		{BB21DD24-5EFA-45E4-BD18-AEBC05EB889B} = {FAB17593-F065-4CA3-9C1E-AEF47BF8A635}
		{281CE502-785B-4FD2-83C7-AB89105C518A} = {82EAB4A6-B265-47C2-B544-D7671BDB3D2D}
		{0E2EE5ED-C92B-4B2B-B0A8-770DD1669021} = {281CE502-785B-4FD2-83C7-AB89105C518A}
		{F97F7249-84F1-408F-A5B4-B5E9CBEE9DE1} = {281CE502-785B-4FD2-83C7-AB89105C518A}
		{8314E1E8-4D39-4283-B290-7F220F9AD372} = {82EAB4A6-B265-47C2-B544-D7671BDB3D2D}
		{37AA2C2B-32E5-4A63-A423-408817F7A2DD} = {8314E1E8-4D39-4283-B290-7F220F9AD372}
		{763D6093-3C87-4055-8B78-192B329CECD4} = {8314E1E8-4D39-4283-B290-7F220F9AD372}
		{46498004-9DD1-4DF1-BB8B-DC024CE0AEE7} = {82EAB4A6-B265-47C2-B544-D7671BDB3D2D}
		{F9DC6E72-D9E4-4297-A22F-2B7F2E009848} = {46498004-9DD1-4DF1-BB8B-DC024CE0AEE7}
		{017C6B97-8A7F-4AD4-9E10-E5FC7E5FD5A7} = {46498004-9DD1-4DF1-BB8B-DC024CE0AEE7}
		{437A06A1-4E6E-4386-B014-AD2207F999AC} = {82EAB4A6-B265-47C2-B544-D7671BDB3D2D}
		{9D123D07-2C89-4DE6-A8DC-948B98A2557E} = {437A06A1-4E6E-4386-B014-AD2207F999AC}
		{4E654216-9073-4839-B7A1-D722737C0417} = {437A06A1-4E6E-4386-B014-AD2207F999AC}
		{C63A1C7C-3694-4E6A-AD30-97541B8AFB88} = {82EAB4A6-B265-47C2-B544-D7671BDB3D2D}
		{CAE8463E-3AF9-450E-B6AF-10E7DB37ECBB} = {C63A1C7C-3694-4E6A-AD30-97541B8AFB88}
		{9264D0A8-E898-48BB-9E06-C03E4705B361} = {C63A1C7C-3694-4E6A-AD30-97541B8AFB88}
	EndGlobalSection
EndGlobal
