
Microsoft Visual Studio Solution File, Format Version 12.00
# Visual Studio 2012
Project("{FAE04EC0-301F-11D3-BF4B-00C04F79EFBC}") = "SiliconStudio.Paradox.Shaders", "SiliconStudio.Paradox.Shaders.csproj", "{F42B07E1-F4EF-494B-B7E0-590075965BCA}"
EndProject
Global
	GlobalSection(SolutionConfigurationPlatforms) = preSolution
		Debug|Any CPU = Debug|Any CPU
		Release|Any CPU = Release|Any CPU
	EndGlobalSection
	GlobalSection(ProjectConfigurationPlatforms) = postSolution
		{F42B07E1-F4EF-494B-B7E0-590075965BCA}.Debug|Any CPU.ActiveCfg = Debug|Any CPU
		{F42B07E1-F4EF-494B-B7E0-590075965BCA}.Debug|Any CPU.Build.0 = Debug|Any CPU
		{F42B07E1-F4EF-494B-B7E0-590075965BCA}.Release|Any CPU.ActiveCfg = Release|Any CPU
		{F42B07E1-F4EF-494B-B7E0-590075965BCA}.Release|Any CPU.Build.0 = Release|Any CPU
	EndGlobalSection
	GlobalSection(SolutionProperties) = preSolution
		HideSolutionNode = FALSE
	EndGlobalSection
EndGlobal
