
Microsoft Visual Studio Solution File, Format Version 12.00
# Visual Studio 14
VisualStudioVersion = 14.0.24720.0
MinimumVisualStudioVersion = 10.0.40219.1
Project("{FAE04EC0-301F-11D3-BF4B-00C04F79EFBC}") = "JumpyJetTest", "Games\JumpyJetTest\JumpyJetTest.csproj", "{92F6B41C-B1D6-41A4-A65F-8E5C5BD8F04D}"
EndProject
Project("{FAE04EC0-301F-11D3-BF4B-00C04F79EFBC}") = "SpaceEscapeTest", "Games\SpaceEscapeTest\SpaceEscapeTest.csproj", "{6472BB34-98F2-4FB1-902F-B51D47EEC674}"
EndProject
Project("{2150E333-8FDC-42A3-9474-1A3956D46DE8}") = "Games", "Games", "{2FB9AD6D-8A77-43F3-B747-4161C448D02D}"
EndProject
Project("{2150E333-8FDC-42A3-9474-1A3956D46DE8}") = "Graphics", "Graphics", "{94B0C3BB-557A-4688-849F-2665694D5EE3}"
EndProject
Project("{FAE04EC0-301F-11D3-BF4B-00C04F79EFBC}") = "AnimatedModelTest", "Graphics\AnimatedModelTest\AnimatedModelTest.csproj", "{27F1FDAD-96E3-48A4-B1A0-7E12D3D3AB2F}"
EndProject
Project("{FAE04EC0-301F-11D3-BF4B-00C04F79EFBC}") = "CustomEffectTest", "Graphics\CustomEffectTest\CustomEffectTest.csproj", "{085E311F-AD67-414C-B45F-7EA9F5838664}"
EndProject
Project("{FAE04EC0-301F-11D3-BF4B-00C04F79EFBC}") = "ForwardLightingTest", "Graphics\ForwardLightingTest\ForwardLightingTest.csproj", "{6CAC749D-8181-44C0-BEE3-1A63844FDA97}"
EndProject
Project("{FAE04EC0-301F-11D3-BF4B-00C04F79EFBC}") = "GeometricPrimitivesTest", "Graphics\GeometricPrimitivesTest\GeometricPrimitivesTest.csproj", "{D3A11081-6E1F-4551-A274-BAFD77442909}"
EndProject
Project("{FAE04EC0-301F-11D3-BF4B-00C04F79EFBC}") = "HelloWorldTest", "Graphics\HelloWorldTest\HelloWorldTest.csproj", "{BBD5AFB9-B341-41CC-A265-6E0DC2E34AD4}"
EndProject
Project("{FAE04EC0-301F-11D3-BF4B-00C04F79EFBC}") = "MaterialSampleTest", "Graphics\MaterialSampleTest\MaterialSampleTest.csproj", "{6FB77070-0D75-4724-9922-42D84F4BF267}"
EndProject
Project("{FAE04EC0-301F-11D3-BF4B-00C04F79EFBC}") = "MaterialShaderTest", "Graphics\MaterialShaderTest\MaterialShaderTest.csproj", "{4299139C-6DE6-468D-A22E-F4EC59E56FFB}"
EndProject
Project("{FAE04EC0-301F-11D3-BF4B-00C04F79EFBC}") = "RenderSceneToTextureTest", "Graphics\RenderSceneToTextureTest\RenderSceneToTextureTest.csproj", "{F5F33608-9FA1-4091-900C-983A09CDCC9A}"
EndProject
Project("{FAE04EC0-301F-11D3-BF4B-00C04F79EFBC}") = "SimpleDynamicTextureTest", "Graphics\SimpleDynamicTextureTest\SimpleDynamicTextureTest.csproj", "{9E79D59C-079F-44F6-8697-D55A6D070C31}"
EndProject
Project("{FAE04EC0-301F-11D3-BF4B-00C04F79EFBC}") = "SimpleModelTest", "Graphics\SimpleModelTest\SimpleModelTest.csproj", "{A4A1DB5F-F6B6-466C-A6B8-BDE495694330}"
EndProject
Project("{FAE04EC0-301F-11D3-BF4B-00C04F79EFBC}") = "SimpleSpriteTest", "Graphics\SimpleSpriteTest\SimpleSpriteTest.csproj", "{0118A547-1CA2-4CA4-8E1B-AC3F66CFFD43}"
EndProject
Project("{FAE04EC0-301F-11D3-BF4B-00C04F79EFBC}") = "SimpleTerrainTest", "Graphics\SimpleTerrainTest\SimpleTerrainTest.csproj", "{D28F3476-0923-4194-95AB-790FC54BF3DC}"
EndProject
Project("{FAE04EC0-301F-11D3-BF4B-00C04F79EFBC}") = "SpriteEntityTest", "Graphics\SpriteEntityTest\SpriteEntityTest.csproj", "{9C2A75B9-B353-4CF2-8991-9213B7635E19}"
EndProject
Project("{FAE04EC0-301F-11D3-BF4B-00C04F79EFBC}") = "SpriteFontsTest", "Graphics\SpriteFontsTest\SpriteFontsTest.csproj", "{E4659C1A-910D-4441-98A1-3E5D611B222B}"
EndProject
Project("{FAE04EC0-301F-11D3-BF4B-00C04F79EFBC}") = "SpriteStudioDemoTest", "Graphics\SpriteStudioDemoTest\SpriteStudioDemoTest.csproj", "{1A9038BC-46A1-44D1-84BE-A27F21287E2B}"
EndProject
Project("{2150E333-8FDC-42A3-9474-1A3956D46DE8}") = "Input", "Input", "{0E6E3102-5C3F-4C5C-944E-0587469F6EE2}"
EndProject
Project("{FAE04EC0-301F-11D3-BF4B-00C04F79EFBC}") = "GravitySensorTest", "Input\GravitySensorTest\GravitySensorTest.csproj", "{F3CCD440-5C54-4762-8619-0FC6B9044CC0}"
EndProject
Project("{FAE04EC0-301F-11D3-BF4B-00C04F79EFBC}") = "TouchInputsTest", "Input\TouchInputsTest\TouchInputsTest.csproj", "{788DF365-55EC-43DE-871F-8D84FBFE051C}"
EndProject
Project("{2150E333-8FDC-42A3-9474-1A3956D46DE8}") = "Others", "Others", "{D70CE082-1A3D-46CE-8125-77082ACEE27A}"
EndProject
Project("{FAE04EC0-301F-11D3-BF4B-00C04F79EFBC}") = "NativeLinkingTest", "Others\NativeLinkingTest\NativeLinkingTest.csproj", "{2588E1FB-A710-4B9D-8395-0139112CFD01}"
EndProject
Project("{2150E333-8FDC-42A3-9474-1A3956D46DE8}") = "Physics", "Physics", "{6B8A91F9-4830-4084-929B-3D421C3D1C21}"
EndProject
Project("{FAE04EC0-301F-11D3-BF4B-00C04F79EFBC}") = "CharacterControllerSampleTest", "Physics\CharacterControllerSampleTest\CharacterControllerSampleTest.csproj", "{C0C9585B-5D8F-4BDA-8363-7AD974B4BF10}"
EndProject
Project("{FAE04EC0-301F-11D3-BF4B-00C04F79EFBC}") = "ConstraintsTest", "Physics\ConstraintsTest\ConstraintsTest.csproj", "{FC878663-53F8-4F4E-9C75-2EB2CF669980}"
EndProject
Project("{FAE04EC0-301F-11D3-BF4B-00C04F79EFBC}") = "RaycastingTest", "Physics\RaycastingTest\RaycastingTest.csproj", "{A2BD1582-DF38-451F-B979-0CB805C4FD43}"
EndProject
Project("{FAE04EC0-301F-11D3-BF4B-00C04F79EFBC}") = "VolumeTriggerTest", "Physics\VolumeTriggerTest\VolumeTriggerTest.csproj", "{737E033D-BC58-4250-8B8E-306094A5ECD2}"
EndProject
Project("{2150E333-8FDC-42A3-9474-1A3956D46DE8}") = "UI", "UI", "{1AE5D19C-DFC3-46CB-AADD-E0814B208A3A}"
EndProject
Project("{FAE04EC0-301F-11D3-BF4B-00C04F79EFBC}") = "GameMenuTest", "UI\GameMenuTest\GameMenuTest.csproj", "{D92F4000-A64D-45C9-8508-2B0237EAACD6}"
EndProject
Project("{FAE04EC0-301F-11D3-BF4B-00C04F79EFBC}") = "CustomAnimationTest", "Others\CustomAnimationTest\CustomAnimationTest.csproj", "{A0AED9E9-B795-4143-834C-2F9D83AABEE5}"
EndProject
Project("{2150E333-8FDC-42A3-9474-1A3956D46DE8}") = "Particles", "Particles", "{2F0F0292-D828-4DB4-9B64-D6E7BE82E74B}"
EndProject
Project("{FAE04EC0-301F-11D3-BF4B-00C04F79EFBC}") = "SimpleParticlesTest", "Particles\SimpleParticlesTest\SimpleParticlesTest.csproj", "{66873EDD-9B6B-4A1F-A0D0-E4CD9BA06F0D}"
EndProject
Project("{FAE04EC0-301F-11D3-BF4B-00C04F79EFBC}") = "CustomParticlesTest", "Particles\CustomParticlesTest\CustomParticlesTest.csproj", "{6F28D601-394E-4EDC-A6AF-89BD391552F5}"
EndProject
Project("{FAE04EC0-301F-11D3-BF4B-00C04F79EFBC}") = "ParticleMaterialShaderTest", "Particles\ParticleMaterialShaderTest\ParticleMaterialShaderTest.csproj", "{6F7DD319-45B3-4C31-85F9-E13E277875D6}"
EndProject
Project("{FAE04EC0-301F-11D3-BF4B-00C04F79EFBC}") = "UIParticlesTest", "UI\UIParticlesTest\UIParticlesTest.csproj", "{6A096E83-01CB-41C3-A9D6-DECBF2E5454A}"
EndProject
Project("{FAE04EC0-301F-11D3-BF4B-00C04F79EFBC}") = "AnimatedParticlesTest", "Particles\AnimatedParticlesTest\AnimatedParticlesTest.csproj", "{F0187F12-8C12-45CF-9391-6EE0752AB766}"
EndProject
Project("{FAE04EC0-301F-11D3-BF4B-00C04F79EFBC}") = "RibbonParticlesTest", "Particles\RibbonParticlesTest\RibbonParticlesTest.csproj", "{D83034BD-5BF7-455C-86FB-0B4797353861}"
EndProject
Project("{FAE04EC0-301F-11D3-BF4B-00C04F79EFBC}") = "ChildParticlesTest", "Particles\ChildParticlesTest\ChildParticlesTest.csproj", "{08486E90-9D39-4024-9482-A50A077B0427}"
EndProject
Project("{FAE04EC0-301F-11D3-BF4B-00C04F79EFBC}") = "LightningsAndLasersTest", "Particles\LightningsAndLasersTest\LightningsAndLasersTest.csproj", "{3A7A1A37-0144-4738-BE3E-381B2BEE5CFC}"
EndProject
Global
	GlobalSection(SolutionConfigurationPlatforms) = preSolution
		Debug|Any CPU = Debug|Any CPU
		Release|Any CPU = Release|Any CPU
	EndGlobalSection
	GlobalSection(ProjectConfigurationPlatforms) = postSolution
		{92F6B41C-B1D6-41A4-A65F-8E5C5BD8F04D}.Debug|Any CPU.ActiveCfg = Debug|Any CPU
		{92F6B41C-B1D6-41A4-A65F-8E5C5BD8F04D}.Debug|Any CPU.Build.0 = Debug|Any CPU
		{92F6B41C-B1D6-41A4-A65F-8E5C5BD8F04D}.Release|Any CPU.ActiveCfg = Release|Any CPU
		{92F6B41C-B1D6-41A4-A65F-8E5C5BD8F04D}.Release|Any CPU.Build.0 = Release|Any CPU
		{6472BB34-98F2-4FB1-902F-B51D47EEC674}.Debug|Any CPU.ActiveCfg = Debug|Any CPU
		{6472BB34-98F2-4FB1-902F-B51D47EEC674}.Debug|Any CPU.Build.0 = Debug|Any CPU
		{6472BB34-98F2-4FB1-902F-B51D47EEC674}.Release|Any CPU.ActiveCfg = Release|Any CPU
		{6472BB34-98F2-4FB1-902F-B51D47EEC674}.Release|Any CPU.Build.0 = Release|Any CPU
		{27F1FDAD-96E3-48A4-B1A0-7E12D3D3AB2F}.Debug|Any CPU.ActiveCfg = Debug|Any CPU
		{27F1FDAD-96E3-48A4-B1A0-7E12D3D3AB2F}.Debug|Any CPU.Build.0 = Debug|Any CPU
		{27F1FDAD-96E3-48A4-B1A0-7E12D3D3AB2F}.Release|Any CPU.ActiveCfg = Release|Any CPU
		{27F1FDAD-96E3-48A4-B1A0-7E12D3D3AB2F}.Release|Any CPU.Build.0 = Release|Any CPU
		{085E311F-AD67-414C-B45F-7EA9F5838664}.Debug|Any CPU.ActiveCfg = Debug|Any CPU
		{085E311F-AD67-414C-B45F-7EA9F5838664}.Debug|Any CPU.Build.0 = Debug|Any CPU
		{085E311F-AD67-414C-B45F-7EA9F5838664}.Release|Any CPU.ActiveCfg = Release|Any CPU
		{085E311F-AD67-414C-B45F-7EA9F5838664}.Release|Any CPU.Build.0 = Release|Any CPU
		{6CAC749D-8181-44C0-BEE3-1A63844FDA97}.Debug|Any CPU.ActiveCfg = Debug|Any CPU
		{6CAC749D-8181-44C0-BEE3-1A63844FDA97}.Debug|Any CPU.Build.0 = Debug|Any CPU
		{6CAC749D-8181-44C0-BEE3-1A63844FDA97}.Release|Any CPU.ActiveCfg = Release|Any CPU
		{6CAC749D-8181-44C0-BEE3-1A63844FDA97}.Release|Any CPU.Build.0 = Release|Any CPU
		{D3A11081-6E1F-4551-A274-BAFD77442909}.Debug|Any CPU.ActiveCfg = Debug|Any CPU
		{D3A11081-6E1F-4551-A274-BAFD77442909}.Debug|Any CPU.Build.0 = Debug|Any CPU
		{D3A11081-6E1F-4551-A274-BAFD77442909}.Release|Any CPU.ActiveCfg = Release|Any CPU
		{D3A11081-6E1F-4551-A274-BAFD77442909}.Release|Any CPU.Build.0 = Release|Any CPU
		{BBD5AFB9-B341-41CC-A265-6E0DC2E34AD4}.Debug|Any CPU.ActiveCfg = Debug|Any CPU
		{BBD5AFB9-B341-41CC-A265-6E0DC2E34AD4}.Debug|Any CPU.Build.0 = Debug|Any CPU
		{BBD5AFB9-B341-41CC-A265-6E0DC2E34AD4}.Release|Any CPU.ActiveCfg = Release|Any CPU
		{BBD5AFB9-B341-41CC-A265-6E0DC2E34AD4}.Release|Any CPU.Build.0 = Release|Any CPU
		{6FB77070-0D75-4724-9922-42D84F4BF267}.Debug|Any CPU.ActiveCfg = Debug|Any CPU
		{6FB77070-0D75-4724-9922-42D84F4BF267}.Debug|Any CPU.Build.0 = Debug|Any CPU
		{6FB77070-0D75-4724-9922-42D84F4BF267}.Release|Any CPU.ActiveCfg = Release|Any CPU
		{6FB77070-0D75-4724-9922-42D84F4BF267}.Release|Any CPU.Build.0 = Release|Any CPU
		{4299139C-6DE6-468D-A22E-F4EC59E56FFB}.Debug|Any CPU.ActiveCfg = Debug|Any CPU
		{4299139C-6DE6-468D-A22E-F4EC59E56FFB}.Debug|Any CPU.Build.0 = Debug|Any CPU
		{4299139C-6DE6-468D-A22E-F4EC59E56FFB}.Release|Any CPU.ActiveCfg = Release|Any CPU
		{4299139C-6DE6-468D-A22E-F4EC59E56FFB}.Release|Any CPU.Build.0 = Release|Any CPU
		{F5F33608-9FA1-4091-900C-983A09CDCC9A}.Debug|Any CPU.ActiveCfg = Debug|Any CPU
		{F5F33608-9FA1-4091-900C-983A09CDCC9A}.Debug|Any CPU.Build.0 = Debug|Any CPU
		{F5F33608-9FA1-4091-900C-983A09CDCC9A}.Release|Any CPU.ActiveCfg = Release|Any CPU
		{F5F33608-9FA1-4091-900C-983A09CDCC9A}.Release|Any CPU.Build.0 = Release|Any CPU
		{9E79D59C-079F-44F6-8697-D55A6D070C31}.Debug|Any CPU.ActiveCfg = Debug|Any CPU
		{9E79D59C-079F-44F6-8697-D55A6D070C31}.Debug|Any CPU.Build.0 = Debug|Any CPU
		{9E79D59C-079F-44F6-8697-D55A6D070C31}.Release|Any CPU.ActiveCfg = Release|Any CPU
		{9E79D59C-079F-44F6-8697-D55A6D070C31}.Release|Any CPU.Build.0 = Release|Any CPU
		{A4A1DB5F-F6B6-466C-A6B8-BDE495694330}.Debug|Any CPU.ActiveCfg = Debug|Any CPU
		{A4A1DB5F-F6B6-466C-A6B8-BDE495694330}.Debug|Any CPU.Build.0 = Debug|Any CPU
		{A4A1DB5F-F6B6-466C-A6B8-BDE495694330}.Release|Any CPU.ActiveCfg = Release|Any CPU
		{A4A1DB5F-F6B6-466C-A6B8-BDE495694330}.Release|Any CPU.Build.0 = Release|Any CPU
		{0118A547-1CA2-4CA4-8E1B-AC3F66CFFD43}.Debug|Any CPU.ActiveCfg = Debug|Any CPU
		{0118A547-1CA2-4CA4-8E1B-AC3F66CFFD43}.Debug|Any CPU.Build.0 = Debug|Any CPU
		{0118A547-1CA2-4CA4-8E1B-AC3F66CFFD43}.Release|Any CPU.ActiveCfg = Release|Any CPU
		{0118A547-1CA2-4CA4-8E1B-AC3F66CFFD43}.Release|Any CPU.Build.0 = Release|Any CPU
		{D28F3476-0923-4194-95AB-790FC54BF3DC}.Debug|Any CPU.ActiveCfg = Debug|Any CPU
		{D28F3476-0923-4194-95AB-790FC54BF3DC}.Debug|Any CPU.Build.0 = Debug|Any CPU
		{D28F3476-0923-4194-95AB-790FC54BF3DC}.Release|Any CPU.ActiveCfg = Release|Any CPU
		{D28F3476-0923-4194-95AB-790FC54BF3DC}.Release|Any CPU.Build.0 = Release|Any CPU
		{9C2A75B9-B353-4CF2-8991-9213B7635E19}.Debug|Any CPU.ActiveCfg = Debug|Any CPU
		{9C2A75B9-B353-4CF2-8991-9213B7635E19}.Debug|Any CPU.Build.0 = Debug|Any CPU
		{9C2A75B9-B353-4CF2-8991-9213B7635E19}.Release|Any CPU.ActiveCfg = Release|Any CPU
		{9C2A75B9-B353-4CF2-8991-9213B7635E19}.Release|Any CPU.Build.0 = Release|Any CPU
		{E4659C1A-910D-4441-98A1-3E5D611B222B}.Debug|Any CPU.ActiveCfg = Debug|Any CPU
		{E4659C1A-910D-4441-98A1-3E5D611B222B}.Debug|Any CPU.Build.0 = Debug|Any CPU
		{E4659C1A-910D-4441-98A1-3E5D611B222B}.Release|Any CPU.ActiveCfg = Release|Any CPU
		{E4659C1A-910D-4441-98A1-3E5D611B222B}.Release|Any CPU.Build.0 = Release|Any CPU
		{1A9038BC-46A1-44D1-84BE-A27F21287E2B}.Debug|Any CPU.ActiveCfg = Debug|Any CPU
		{1A9038BC-46A1-44D1-84BE-A27F21287E2B}.Debug|Any CPU.Build.0 = Debug|Any CPU
		{1A9038BC-46A1-44D1-84BE-A27F21287E2B}.Release|Any CPU.ActiveCfg = Release|Any CPU
		{1A9038BC-46A1-44D1-84BE-A27F21287E2B}.Release|Any CPU.Build.0 = Release|Any CPU
		{F3CCD440-5C54-4762-8619-0FC6B9044CC0}.Debug|Any CPU.ActiveCfg = Debug|Any CPU
		{F3CCD440-5C54-4762-8619-0FC6B9044CC0}.Debug|Any CPU.Build.0 = Debug|Any CPU
		{F3CCD440-5C54-4762-8619-0FC6B9044CC0}.Release|Any CPU.ActiveCfg = Release|Any CPU
		{F3CCD440-5C54-4762-8619-0FC6B9044CC0}.Release|Any CPU.Build.0 = Release|Any CPU
		{788DF365-55EC-43DE-871F-8D84FBFE051C}.Debug|Any CPU.ActiveCfg = Debug|Any CPU
		{788DF365-55EC-43DE-871F-8D84FBFE051C}.Debug|Any CPU.Build.0 = Debug|Any CPU
		{788DF365-55EC-43DE-871F-8D84FBFE051C}.Release|Any CPU.ActiveCfg = Release|Any CPU
		{788DF365-55EC-43DE-871F-8D84FBFE051C}.Release|Any CPU.Build.0 = Release|Any CPU
		{2588E1FB-A710-4B9D-8395-0139112CFD01}.Debug|Any CPU.ActiveCfg = Debug|Any CPU
		{2588E1FB-A710-4B9D-8395-0139112CFD01}.Debug|Any CPU.Build.0 = Debug|Any CPU
		{2588E1FB-A710-4B9D-8395-0139112CFD01}.Release|Any CPU.ActiveCfg = Release|Any CPU
		{2588E1FB-A710-4B9D-8395-0139112CFD01}.Release|Any CPU.Build.0 = Release|Any CPU
		{C0C9585B-5D8F-4BDA-8363-7AD974B4BF10}.Debug|Any CPU.ActiveCfg = Debug|Any CPU
		{C0C9585B-5D8F-4BDA-8363-7AD974B4BF10}.Debug|Any CPU.Build.0 = Debug|Any CPU
		{C0C9585B-5D8F-4BDA-8363-7AD974B4BF10}.Release|Any CPU.ActiveCfg = Release|Any CPU
		{C0C9585B-5D8F-4BDA-8363-7AD974B4BF10}.Release|Any CPU.Build.0 = Release|Any CPU
		{FC878663-53F8-4F4E-9C75-2EB2CF669980}.Debug|Any CPU.ActiveCfg = Debug|Any CPU
		{FC878663-53F8-4F4E-9C75-2EB2CF669980}.Debug|Any CPU.Build.0 = Debug|Any CPU
		{FC878663-53F8-4F4E-9C75-2EB2CF669980}.Release|Any CPU.ActiveCfg = Release|Any CPU
		{FC878663-53F8-4F4E-9C75-2EB2CF669980}.Release|Any CPU.Build.0 = Release|Any CPU
		{A2BD1582-DF38-451F-B979-0CB805C4FD43}.Debug|Any CPU.ActiveCfg = Debug|Any CPU
		{A2BD1582-DF38-451F-B979-0CB805C4FD43}.Debug|Any CPU.Build.0 = Debug|Any CPU
		{A2BD1582-DF38-451F-B979-0CB805C4FD43}.Release|Any CPU.ActiveCfg = Release|Any CPU
		{A2BD1582-DF38-451F-B979-0CB805C4FD43}.Release|Any CPU.Build.0 = Release|Any CPU
		{737E033D-BC58-4250-8B8E-306094A5ECD2}.Debug|Any CPU.ActiveCfg = Debug|Any CPU
		{737E033D-BC58-4250-8B8E-306094A5ECD2}.Debug|Any CPU.Build.0 = Debug|Any CPU
		{737E033D-BC58-4250-8B8E-306094A5ECD2}.Release|Any CPU.ActiveCfg = Release|Any CPU
		{737E033D-BC58-4250-8B8E-306094A5ECD2}.Release|Any CPU.Build.0 = Release|Any CPU
		{D92F4000-A64D-45C9-8508-2B0237EAACD6}.Debug|Any CPU.ActiveCfg = Debug|Any CPU
		{D92F4000-A64D-45C9-8508-2B0237EAACD6}.Debug|Any CPU.Build.0 = Debug|Any CPU
		{D92F4000-A64D-45C9-8508-2B0237EAACD6}.Release|Any CPU.ActiveCfg = Release|Any CPU
		{D92F4000-A64D-45C9-8508-2B0237EAACD6}.Release|Any CPU.Build.0 = Release|Any CPU
		{A0AED9E9-B795-4143-834C-2F9D83AABEE5}.Debug|Any CPU.ActiveCfg = Debug|Any CPU
		{A0AED9E9-B795-4143-834C-2F9D83AABEE5}.Debug|Any CPU.Build.0 = Debug|Any CPU
		{A0AED9E9-B795-4143-834C-2F9D83AABEE5}.Release|Any CPU.ActiveCfg = Release|Any CPU
		{A0AED9E9-B795-4143-834C-2F9D83AABEE5}.Release|Any CPU.Build.0 = Release|Any CPU
		{66873EDD-9B6B-4A1F-A0D0-E4CD9BA06F0D}.Debug|Any CPU.ActiveCfg = Debug|Any CPU
		{66873EDD-9B6B-4A1F-A0D0-E4CD9BA06F0D}.Debug|Any CPU.Build.0 = Debug|Any CPU
		{66873EDD-9B6B-4A1F-A0D0-E4CD9BA06F0D}.Release|Any CPU.ActiveCfg = Release|Any CPU
		{66873EDD-9B6B-4A1F-A0D0-E4CD9BA06F0D}.Release|Any CPU.Build.0 = Release|Any CPU
		{6F28D601-394E-4EDC-A6AF-89BD391552F5}.Debug|Any CPU.ActiveCfg = Debug|Any CPU
		{6F28D601-394E-4EDC-A6AF-89BD391552F5}.Debug|Any CPU.Build.0 = Debug|Any CPU
		{6F28D601-394E-4EDC-A6AF-89BD391552F5}.Release|Any CPU.ActiveCfg = Release|Any CPU
		{6F28D601-394E-4EDC-A6AF-89BD391552F5}.Release|Any CPU.Build.0 = Release|Any CPU
		{6F7DD319-45B3-4C31-85F9-E13E277875D6}.Debug|Any CPU.ActiveCfg = Debug|Any CPU
		{6F7DD319-45B3-4C31-85F9-E13E277875D6}.Debug|Any CPU.Build.0 = Debug|Any CPU
		{6F7DD319-45B3-4C31-85F9-E13E277875D6}.Release|Any CPU.ActiveCfg = Release|Any CPU
		{6F7DD319-45B3-4C31-85F9-E13E277875D6}.Release|Any CPU.Build.0 = Release|Any CPU
		{6A096E83-01CB-41C3-A9D6-DECBF2E5454A}.Debug|Any CPU.ActiveCfg = Debug|Any CPU
		{6A096E83-01CB-41C3-A9D6-DECBF2E5454A}.Debug|Any CPU.Build.0 = Debug|Any CPU
		{6A096E83-01CB-41C3-A9D6-DECBF2E5454A}.Release|Any CPU.ActiveCfg = Release|Any CPU
		{6A096E83-01CB-41C3-A9D6-DECBF2E5454A}.Release|Any CPU.Build.0 = Release|Any CPU
		{F0187F12-8C12-45CF-9391-6EE0752AB766}.Debug|Any CPU.ActiveCfg = Debug|Any CPU
		{F0187F12-8C12-45CF-9391-6EE0752AB766}.Debug|Any CPU.Build.0 = Debug|Any CPU
		{F0187F12-8C12-45CF-9391-6EE0752AB766}.Release|Any CPU.ActiveCfg = Release|Any CPU
		{F0187F12-8C12-45CF-9391-6EE0752AB766}.Release|Any CPU.Build.0 = Release|Any CPU
		{D83034BD-5BF7-455C-86FB-0B4797353861}.Debug|Any CPU.ActiveCfg = Debug|Any CPU
		{D83034BD-5BF7-455C-86FB-0B4797353861}.Debug|Any CPU.Build.0 = Debug|Any CPU
		{D83034BD-5BF7-455C-86FB-0B4797353861}.Release|Any CPU.ActiveCfg = Release|Any CPU
		{D83034BD-5BF7-455C-86FB-0B4797353861}.Release|Any CPU.Build.0 = Release|Any CPU
		{08486E90-9D39-4024-9482-A50A077B0427}.Debug|Any CPU.ActiveCfg = Debug|Any CPU
		{08486E90-9D39-4024-9482-A50A077B0427}.Debug|Any CPU.Build.0 = Debug|Any CPU
		{08486E90-9D39-4024-9482-A50A077B0427}.Release|Any CPU.ActiveCfg = Release|Any CPU
		{08486E90-9D39-4024-9482-A50A077B0427}.Release|Any CPU.Build.0 = Release|Any CPU
		{3A7A1A37-0144-4738-BE3E-381B2BEE5CFC}.Debug|Any CPU.ActiveCfg = Debug|Any CPU
		{3A7A1A37-0144-4738-BE3E-381B2BEE5CFC}.Debug|Any CPU.Build.0 = Debug|Any CPU
		{3A7A1A37-0144-4738-BE3E-381B2BEE5CFC}.Release|Any CPU.ActiveCfg = Release|Any CPU
		{3A7A1A37-0144-4738-BE3E-381B2BEE5CFC}.Release|Any CPU.Build.0 = Release|Any CPU
	EndGlobalSection
	GlobalSection(SolutionProperties) = preSolution
		HideSolutionNode = FALSE
	EndGlobalSection
	GlobalSection(NestedProjects) = preSolution
		{92F6B41C-B1D6-41A4-A65F-8E5C5BD8F04D} = {2FB9AD6D-8A77-43F3-B747-4161C448D02D}
		{6472BB34-98F2-4FB1-902F-B51D47EEC674} = {2FB9AD6D-8A77-43F3-B747-4161C448D02D}
		{27F1FDAD-96E3-48A4-B1A0-7E12D3D3AB2F} = {94B0C3BB-557A-4688-849F-2665694D5EE3}
		{085E311F-AD67-414C-B45F-7EA9F5838664} = {94B0C3BB-557A-4688-849F-2665694D5EE3}
		{6CAC749D-8181-44C0-BEE3-1A63844FDA97} = {94B0C3BB-557A-4688-849F-2665694D5EE3}
		{D3A11081-6E1F-4551-A274-BAFD77442909} = {94B0C3BB-557A-4688-849F-2665694D5EE3}
		{BBD5AFB9-B341-41CC-A265-6E0DC2E34AD4} = {94B0C3BB-557A-4688-849F-2665694D5EE3}
		{6FB77070-0D75-4724-9922-42D84F4BF267} = {94B0C3BB-557A-4688-849F-2665694D5EE3}
		{4299139C-6DE6-468D-A22E-F4EC59E56FFB} = {94B0C3BB-557A-4688-849F-2665694D5EE3}
		{F5F33608-9FA1-4091-900C-983A09CDCC9A} = {94B0C3BB-557A-4688-849F-2665694D5EE3}
		{9E79D59C-079F-44F6-8697-D55A6D070C31} = {94B0C3BB-557A-4688-849F-2665694D5EE3}
		{A4A1DB5F-F6B6-466C-A6B8-BDE495694330} = {94B0C3BB-557A-4688-849F-2665694D5EE3}
		{0118A547-1CA2-4CA4-8E1B-AC3F66CFFD43} = {94B0C3BB-557A-4688-849F-2665694D5EE3}
		{D28F3476-0923-4194-95AB-790FC54BF3DC} = {94B0C3BB-557A-4688-849F-2665694D5EE3}
		{9C2A75B9-B353-4CF2-8991-9213B7635E19} = {94B0C3BB-557A-4688-849F-2665694D5EE3}
		{E4659C1A-910D-4441-98A1-3E5D611B222B} = {94B0C3BB-557A-4688-849F-2665694D5EE3}
		{1A9038BC-46A1-44D1-84BE-A27F21287E2B} = {94B0C3BB-557A-4688-849F-2665694D5EE3}
		{F3CCD440-5C54-4762-8619-0FC6B9044CC0} = {0E6E3102-5C3F-4C5C-944E-0587469F6EE2}
		{788DF365-55EC-43DE-871F-8D84FBFE051C} = {0E6E3102-5C3F-4C5C-944E-0587469F6EE2}
		{2588E1FB-A710-4B9D-8395-0139112CFD01} = {D70CE082-1A3D-46CE-8125-77082ACEE27A}
		{C0C9585B-5D8F-4BDA-8363-7AD974B4BF10} = {6B8A91F9-4830-4084-929B-3D421C3D1C21}
		{FC878663-53F8-4F4E-9C75-2EB2CF669980} = {6B8A91F9-4830-4084-929B-3D421C3D1C21}
		{A2BD1582-DF38-451F-B979-0CB805C4FD43} = {6B8A91F9-4830-4084-929B-3D421C3D1C21}
		{737E033D-BC58-4250-8B8E-306094A5ECD2} = {6B8A91F9-4830-4084-929B-3D421C3D1C21}
		{D92F4000-A64D-45C9-8508-2B0237EAACD6} = {1AE5D19C-DFC3-46CB-AADD-E0814B208A3A}
		{A0AED9E9-B795-4143-834C-2F9D83AABEE5} = {D70CE082-1A3D-46CE-8125-77082ACEE27A}
		{66873EDD-9B6B-4A1F-A0D0-E4CD9BA06F0D} = {2F0F0292-D828-4DB4-9B64-D6E7BE82E74B}
		{6F28D601-394E-4EDC-A6AF-89BD391552F5} = {2F0F0292-D828-4DB4-9B64-D6E7BE82E74B}
		{6F7DD319-45B3-4C31-85F9-E13E277875D6} = {2F0F0292-D828-4DB4-9B64-D6E7BE82E74B}
		{6A096E83-01CB-41C3-A9D6-DECBF2E5454A} = {1AE5D19C-DFC3-46CB-AADD-E0814B208A3A}
		{F0187F12-8C12-45CF-9391-6EE0752AB766} = {2F0F0292-D828-4DB4-9B64-D6E7BE82E74B}
		{D83034BD-5BF7-455C-86FB-0B4797353861} = {2F0F0292-D828-4DB4-9B64-D6E7BE82E74B}
		{08486E90-9D39-4024-9482-A50A077B0427} = {2F0F0292-D828-4DB4-9B64-D6E7BE82E74B}
		{3A7A1A37-0144-4738-BE3E-381B2BEE5CFC} = {2F0F0292-D828-4DB4-9B64-D6E7BE82E74B}
	EndGlobalSection
EndGlobal
